// !$*UTF8*$!
{
	archiveVersion = 1;
	classes = {
	};
	objectVersion = 56;
	objects = {

/* Begin PBXBuildFile section */
		759435AF2B1796A200895099 /* TweetNacl.c in Sources */ = {isa = PBXBuildFile; fileRef = 759435AE2B1796A200895099 /* TweetNacl.c */; };
		759435B02B1797AD00895099 /* TweetNacl.h in Headers */ = {isa = PBXBuildFile; fileRef = 759435AD2B17968700895099 /* TweetNacl.h */; settings = {ATTRIBUTES = (Private, ); }; };
		75A13142296C4AAA00DCBD5A /* WalletLibCrypto.docc in Sources */ = {isa = PBXBuildFile; fileRef = 75A13141296C4AAA00DCBD5A /* WalletLibCrypto.docc */; };
		75A13148296C4AAA00DCBD5A /* WalletLibCrypto.framework in Frameworks */ = {isa = PBXBuildFile; fileRef = 75A1313D296C4AAA00DCBD5A /* WalletLibCrypto.framework */; };
		75A1314E296C4AAA00DCBD5A /* WalletLibCrypto.h in Headers */ = {isa = PBXBuildFile; fileRef = 75A13140296C4AAA00DCBD5A /* WalletLibCrypto.h */; settings = {ATTRIBUTES = (Public, ); }; };
		75A13163296C58EA00DCBD5A /* Bignum.m in Sources */ = {isa = PBXBuildFile; fileRef = 75A13162296C58EA00DCBD5A /* Bignum.m */; };
		75A13338296C5FFE00DCBD5A /* ECDSA.m in Sources */ = {isa = PBXBuildFile; fileRef = 75A13337296C5FFE00DCBD5A /* ECDSA.m */; };
		75A13339296C60C800DCBD5A /* Curve.h in Headers */ = {isa = PBXBuildFile; fileRef = 75A1315B296C51F500DCBD5A /* Curve.h */; settings = {ATTRIBUTES = (Private, ); }; };
		75A1333A296C60C800DCBD5A /* ECDSA.h in Headers */ = {isa = PBXBuildFile; fileRef = 75A1315C296C532900DCBD5A /* ECDSA.h */; settings = {ATTRIBUTES = (Private, ); }; };
		75A1333B296C60C800DCBD5A /* Bech32.h in Headers */ = {isa = PBXBuildFile; fileRef = 75A13159296C4CDA00DCBD5A /* Bech32.h */; settings = {ATTRIBUTES = (Private, ); }; };
		75A1333C296C60C800DCBD5A /* KeySecp256k1.h in Headers */ = {isa = PBXBuildFile; fileRef = 75A1315E296C550200DCBD5A /* KeySecp256k1.h */; settings = {ATTRIBUTES = (Private, ); }; };
		75A1333D296C60C800DCBD5A /* HexConverter.h in Headers */ = {isa = PBXBuildFile; fileRef = 75A13160296C576C00DCBD5A /* HexConverter.h */; settings = {ATTRIBUTES = (Private, ); }; };
		75A1333E296C60C800DCBD5A /* EdDSA.h in Headers */ = {isa = PBXBuildFile; fileRef = 75A1315D296C53E300DCBD5A /* EdDSA.h */; settings = {ATTRIBUTES = (Private, ); }; };
		75A1333F296C60C800DCBD5A /* Hash.h in Headers */ = {isa = PBXBuildFile; fileRef = 75A1315F296C562D00DCBD5A /* Hash.h */; settings = {ATTRIBUTES = (Private, ); }; };
		75A13340296C60C800DCBD5A /* Bignum.h in Headers */ = {isa = PBXBuildFile; fileRef = 75A1315A296C4D8E00DCBD5A /* Bignum.h */; settings = {ATTRIBUTES = (Private, ); }; };
		75A13341296C60C800DCBD5A /* Base58.h in Headers */ = {isa = PBXBuildFile; fileRef = 75A13158296C4C4F00DCBD5A /* Base58.h */; settings = {ATTRIBUTES = (Private, ); }; };
		75AAF1D1296C657600FDC626 /* Curve.m in Sources */ = {isa = PBXBuildFile; fileRef = 75AAF1D0296C657600FDC626 /* Curve.m */; };
		75AAF1D4296C745E00FDC626 /* EdDSA.m in Sources */ = {isa = PBXBuildFile; fileRef = 75AAF1D3296C745E00FDC626 /* EdDSA.m */; };
		75AAF1E8296C763A00FDC626 /* curve25519-donna-helpers.h in Headers */ = {isa = PBXBuildFile; fileRef = 75AAF1D5296C763900FDC626 /* curve25519-donna-helpers.h */; settings = {ATTRIBUTES = (Private, ); }; };
		75AAF1E9296C763A00FDC626 /* ed25519-donna-impl-base.h in Headers */ = {isa = PBXBuildFile; fileRef = 75AAF1D6296C763900FDC626 /* ed25519-donna-impl-base.h */; settings = {ATTRIBUTES = (Private, ); }; };
		75AAF1EA296C763A00FDC626 /* modm-donna-32bit.h in Headers */ = {isa = PBXBuildFile; fileRef = 75AAF1D7296C763900FDC626 /* modm-donna-32bit.h */; settings = {ATTRIBUTES = (Private, ); }; };
		75AAF1EB296C763A00FDC626 /* ed25519-donna-64bit-x86-32bit.h in Headers */ = {isa = PBXBuildFile; fileRef = 75AAF1D8296C763900FDC626 /* ed25519-donna-64bit-x86-32bit.h */; settings = {ATTRIBUTES = (Private, ); }; };
		75AAF1EC296C763A00FDC626 /* ed25519-donna.h in Headers */ = {isa = PBXBuildFile; fileRef = 75AAF1D9296C763900FDC626 /* ed25519-donna.h */; settings = {ATTRIBUTES = (Private, ); }; };
		75AAF1ED296C763A00FDC626 /* ed25519-donna-32bit-tables.h in Headers */ = {isa = PBXBuildFile; fileRef = 75AAF1DA296C763900FDC626 /* ed25519-donna-32bit-tables.h */; settings = {ATTRIBUTES = (Private, ); }; };
		75AAF1EE296C763A00FDC626 /* curve25519-donna-64bit.h in Headers */ = {isa = PBXBuildFile; fileRef = 75AAF1DB296C763900FDC626 /* curve25519-donna-64bit.h */; settings = {ATTRIBUTES = (Private, ); }; };
		75AAF1EF296C763A00FDC626 /* blake2b.h in Headers */ = {isa = PBXBuildFile; fileRef = 75AAF1DC296C763900FDC626 /* blake2b.h */; settings = {ATTRIBUTES = (Private, ); }; };
		75AAF1F0296C763A00FDC626 /* ed25519-donna-basepoint-table.h in Headers */ = {isa = PBXBuildFile; fileRef = 75AAF1DD296C763900FDC626 /* ed25519-donna-basepoint-table.h */; settings = {ATTRIBUTES = (Private, ); }; };
		75AAF1F1296C763A00FDC626 /* ed25519-donna-portable.h in Headers */ = {isa = PBXBuildFile; fileRef = 75AAF1DE296C763900FDC626 /* ed25519-donna-portable.h */; settings = {ATTRIBUTES = (Private, ); }; };
		75AAF1F2296C763A00FDC626 /* ed25519-donna-64bit-tables.h in Headers */ = {isa = PBXBuildFile; fileRef = 75AAF1DF296C763900FDC626 /* ed25519-donna-64bit-tables.h */; settings = {ATTRIBUTES = (Private, ); }; };
		75AAF1F3296C763A00FDC626 /* ed25519.h in Headers */ = {isa = PBXBuildFile; fileRef = 75AAF1E0296C763900FDC626 /* ed25519.h */; settings = {ATTRIBUTES = (Private, ); }; };
		75AAF1F4296C763A00FDC626 /* keccak-tiny.h in Headers */ = {isa = PBXBuildFile; fileRef = 75AAF1E1296C763900FDC626 /* keccak-tiny.h */; settings = {ATTRIBUTES = (Private, ); }; };
		75AAF1F5296C763A00FDC626 /* ed25519-donna-64bit-x86.h in Headers */ = {isa = PBXBuildFile; fileRef = 75AAF1E2296C763900FDC626 /* ed25519-donna-64bit-x86.h */; settings = {ATTRIBUTES = (Private, ); }; };
		75AAF1F6296C763A00FDC626 /* curve25519-donna-32bit.h in Headers */ = {isa = PBXBuildFile; fileRef = 75AAF1E3296C763900FDC626 /* curve25519-donna-32bit.h */; settings = {ATTRIBUTES = (Private, ); }; };
		75AAF1F7296C763A00FDC626 /* ed25519-hash.h in Headers */ = {isa = PBXBuildFile; fileRef = 75AAF1E4296C763900FDC626 /* ed25519-hash.h */; settings = {ATTRIBUTES = (Private, ); }; };
		75AAF1F8296C763A00FDC626 /* ed25519-donna-batchverify.h in Headers */ = {isa = PBXBuildFile; fileRef = 75AAF1E5296C763900FDC626 /* ed25519-donna-batchverify.h */; settings = {ATTRIBUTES = (Private, ); }; };
		75AAF1F9296C763A00FDC626 /* ed25519-donna-portable-identify.h in Headers */ = {isa = PBXBuildFile; fileRef = 75AAF1E6296C763A00FDC626 /* ed25519-donna-portable-identify.h */; settings = {ATTRIBUTES = (Private, ); }; };
		75AAF1FA296C763A00FDC626 /* modm-donna-64bit.h in Headers */ = {isa = PBXBuildFile; fileRef = 75AAF1E7296C763A00FDC626 /* modm-donna-64bit.h */; settings = {ATTRIBUTES = (Private, ); }; };
		75AAF1FC296C776200FDC626 /* sign.h in Headers */ = {isa = PBXBuildFile; fileRef = 75AAF1FB296C776200FDC626 /* sign.h */; settings = {ATTRIBUTES = (Private, ); }; };
		75AAF1FF296C789400FDC626 /* ed25519.c in Sources */ = {isa = PBXBuildFile; fileRef = 75AAF1FE296C789400FDC626 /* ed25519.c */; };
		75AAF204296C792B00FDC626 /* blake2b.c in Sources */ = {isa = PBXBuildFile; fileRef = 75AAF203296C792B00FDC626 /* blake2b.c */; };
		75AAF206296C79E200FDC626 /* Hash.m in Sources */ = {isa = PBXBuildFile; fileRef = 75AAF205296C79E200FDC626 /* Hash.m */; };
		75AAF209296C7B6F00FDC626 /* keccak-tiny.c in Sources */ = {isa = PBXBuildFile; fileRef = 75AAF208296C7B6F00FDC626 /* keccak-tiny.c */; };
		75AAF20C296D7DEA00FDC626 /* KeySecp256k1.m in Sources */ = {isa = PBXBuildFile; fileRef = 75AAF20B296D7DEA00FDC626 /* KeySecp256k1.m */; };
		75AAF211296D905900FDC626 /* Base58.m in Sources */ = {isa = PBXBuildFile; fileRef = 75AAF210296D905900FDC626 /* Base58.m */; };
		75AAF213296D91B400FDC626 /* Bech32.m in Sources */ = {isa = PBXBuildFile; fileRef = 75AAF212296D91B400FDC626 /* Bech32.m */; };
		75AAF218296D953400FDC626 /* KeyEd25519.h in Headers */ = {isa = PBXBuildFile; fileRef = 75AAF217296D952E00FDC626 /* KeyEd25519.h */; settings = {ATTRIBUTES = (Private, ); }; };
		75AAF21A296D97A800FDC626 /* KeyEd25519.m in Sources */ = {isa = PBXBuildFile; fileRef = 75AAF219296D97A800FDC626 /* KeyEd25519.m */; };
		75AAF21C296D99B300FDC626 /* KeyType.h in Headers */ = {isa = PBXBuildFile; fileRef = 75AAF21B296D997700FDC626 /* KeyType.h */; settings = {ATTRIBUTES = (Private, ); }; };
		75AAF21E296D9BBB00FDC626 /* HDDerivation.swift in Sources */ = {isa = PBXBuildFile; fileRef = 75AAF21D296D9BBB00FDC626 /* HDDerivation.swift */; };
		75AAF220296DA30D00FDC626 /* HDDerivationEd25519.swift in Sources */ = {isa = PBXBuildFile; fileRef = 75AAF21F296DA30D00FDC626 /* HDDerivationEd25519.swift */; };
		75AAF222296DA80200FDC626 /* KeySecp256k1Test.swift in Sources */ = {isa = PBXBuildFile; fileRef = 75AAF221296DA80200FDC626 /* KeySecp256k1Test.swift */; };
		75AAF224296DA91900FDC626 /* TestData.swift in Sources */ = {isa = PBXBuildFile; fileRef = 75AAF223296DA91900FDC626 /* TestData.swift */; };
		75AAF226296DA9DF00FDC626 /* KeySecp256k1TestVector.swift in Sources */ = {isa = PBXBuildFile; fileRef = 75AAF225296DA9DF00FDC626 /* KeySecp256k1TestVector.swift */; };
		75AAF229296DAB9B00FDC626 /* Data+HEX.swift in Sources */ = {isa = PBXBuildFile; fileRef = 75AAF228296DAB9B00FDC626 /* Data+HEX.swift */; };
		75AAF22C296DAC7F00FDC626 /* String+Data.swift in Sources */ = {isa = PBXBuildFile; fileRef = 75AAF22B296DAC7F00FDC626 /* String+Data.swift */; };
		75AAF22F296DAD0700FDC626 /* DataConvertibleProtocol.swift in Sources */ = {isa = PBXBuildFile; fileRef = 75AAF22E296DAD0700FDC626 /* DataConvertibleProtocol.swift */; };
		75AAF232296DAD8E00FDC626 /* String+Type.swift in Sources */ = {isa = PBXBuildFile; fileRef = 75AAF231296DAD8E00FDC626 /* String+Type.swift */; };
		75AAF234296DADBD00FDC626 /* String+Components.swift in Sources */ = {isa = PBXBuildFile; fileRef = 75AAF233296DADBD00FDC626 /* String+Components.swift */; };
		75AAF237296DAE6600FDC626 /* Numeric+Data.swift in Sources */ = {isa = PBXBuildFile; fileRef = 75AAF236296DAE6600FDC626 /* Numeric+Data.swift */; };
		75AAF23B296DC0B300FDC626 /* openssl_update.sh in Resources */ = {isa = PBXBuildFile; fileRef = 75AAF239296DC0B300FDC626 /* openssl_update.sh */; };
		75AAF23C296DC0B300FDC626 /* openssl_config.patch in Resources */ = {isa = PBXBuildFile; fileRef = 75AAF23A296DC0B300FDC626 /* openssl_config.patch */; };
		75AAF23E296DC1F800FDC626 /* HDDerivationTest.swift in Sources */ = {isa = PBXBuildFile; fileRef = 75AAF23D296DC1F800FDC626 /* HDDerivationTest.swift */; };
		75AAF240296DC24000FDC626 /* HDDerivationTestVector.swift in Sources */ = {isa = PBXBuildFile; fileRef = 75AAF23F296DC24000FDC626 /* HDDerivationTestVector.swift */; };
		75AAF245296DC8C600FDC626 /* Base58Test.swift in Sources */ = {isa = PBXBuildFile; fileRef = 75AAF244296DC8C600FDC626 /* Base58Test.swift */; };
		75AAF249296DC9BB00FDC626 /* Base58testExpected.swift in Sources */ = {isa = PBXBuildFile; fileRef = 75AAF248296DC9BB00FDC626 /* Base58testExpected.swift */; };
		75AAF24E296DCA5100FDC626 /* ECDSATest.swift in Sources */ = {isa = PBXBuildFile; fileRef = 75AAF24D296DCA5100FDC626 /* ECDSATest.swift */; };
		75AAF253296DCAFD00FDC626 /* SignatureECDSA.swift in Sources */ = {isa = PBXBuildFile; fileRef = 75AAF252296DCAFD00FDC626 /* SignatureECDSA.swift */; };
		75AAF255296DD40A00FDC626 /* SignatureEdDSA.swift in Sources */ = {isa = PBXBuildFile; fileRef = 75AAF254296DD40A00FDC626 /* SignatureEdDSA.swift */; };
		75AAF258296DD4AF00FDC626 /* HexConverter.m in Sources */ = {isa = PBXBuildFile; fileRef = 75AAF257296DD4AF00FDC626 /* HexConverter.m */; };
		75AAF2F6296EE3FF00FDC626 /* Data+Hash.swift in Sources */ = {isa = PBXBuildFile; fileRef = 75AAF2F5296EE3FF00FDC626 /* Data+Hash.swift */; };
		75AAF2F8296EE42400FDC626 /* String+Hash.swift in Sources */ = {isa = PBXBuildFile; fileRef = 75AAF2F7296EE42400FDC626 /* String+Hash.swift */; };
		75AAF31E296EFFC600FDC626 /* Data+Type.swift in Sources */ = {isa = PBXBuildFile; fileRef = 75AAF31D296EFFC600FDC626 /* Data+Type.swift */; };
		75AAF32B296F10A900FDC626 /* String+Base58.swift in Sources */ = {isa = PBXBuildFile; fileRef = 75AAF32A296F10A900FDC626 /* String+Base58.swift */; };
		75AAF32D296F114A00FDC626 /* Data+Base58.swift in Sources */ = {isa = PBXBuildFile; fileRef = 75AAF32C296F114A00FDC626 /* Data+Base58.swift */; };
		D53EB7D22BD7DDA000AD6E5A /* Base58RippleTestData.swift in Sources */ = {isa = PBXBuildFile; fileRef = D53EB7D12BD7DDA000AD6E5A /* Base58RippleTestData.swift */; };
		DA52E4ED2CB5D1DD00B951DC /* libcrypto.xcframework in Frameworks */ = {isa = PBXBuildFile; fileRef = DA52E4EC2CB5D1DD00B951DC /* libcrypto.xcframework */; };
		DA5BAF282CD1130800A9C42A /* opensslconf.h.in in Resources */ = {isa = PBXBuildFile; fileRef = DA5BAEF82CD1130800A9C42A /* opensslconf.h.in */; };
		DA5BAF292CD1130800A9C42A /* store.h in Headers */ = {isa = PBXBuildFile; fileRef = DA5BAF172CD1130800A9C42A /* store.h */; };
		DA5BAF2A2CD1130800A9C42A /* x509v3err.h in Headers */ = {isa = PBXBuildFile; fileRef = DA5BAF262CD1130800A9C42A /* x509v3err.h */; };
		DA5BAF2B2CD1130800A9C42A /* idea.h in Headers */ = {isa = PBXBuildFile; fileRef = DA5BAEE72CD1130800A9C42A /* idea.h */; };
		DA5BAF2C2CD1130800A9C42A /* symhacks.h in Headers */ = {isa = PBXBuildFile; fileRef = DA5BAF192CD1130800A9C42A /* symhacks.h */; };
		DA5BAF2D2CD1130800A9C42A /* opensslv.h in Headers */ = {isa = PBXBuildFile; fileRef = DA5BAEF92CD1130800A9C42A /* opensslv.h */; };
		DA5BAF2E2CD1130800A9C42A /* krb5_asn.h in Headers */ = {isa = PBXBuildFile; fileRef = DA5BAEEA2CD1130800A9C42A /* krb5_asn.h */; };
		DA5BAF2F2CD1130800A9C42A /* modes.h in Headers */ = {isa = PBXBuildFile; fileRef = DA5BAEF12CD1130800A9C42A /* modes.h */; };
		DA5BAF302CD1130800A9C42A /* srp.h in Headers */ = {isa = PBXBuildFile; fileRef = DA5BAF0F2CD1130800A9C42A /* srp.h */; };
		DA5BAF312CD1130800A9C42A /* bnerr.h in Headers */ = {isa = PBXBuildFile; fileRef = DA5BAEC22CD1130800A9C42A /* bnerr.h */; };
		DA5BAF322CD1130800A9C42A /* stack.h in Headers */ = {isa = PBXBuildFile; fileRef = DA5BAF162CD1130800A9C42A /* stack.h */; };
		DA5BAF332CD1130800A9C42A /* rand.h in Headers */ = {isa = PBXBuildFile; fileRef = DA5BAF032CD1130800A9C42A /* rand.h */; };
		DA5BAF342CD1130800A9C42A /* ssl2.h in Headers */ = {isa = PBXBuildFile; fileRef = DA5BAF122CD1130800A9C42A /* ssl2.h */; };
		DA5BAF352CD1130800A9C42A /* storeerr.h in Headers */ = {isa = PBXBuildFile; fileRef = DA5BAF182CD1130800A9C42A /* storeerr.h */; };
		DA5BAF362CD1130800A9C42A /* engineerr.h in Headers */ = {isa = PBXBuildFile; fileRef = DA5BAEE22CD1130800A9C42A /* engineerr.h */; };
		DA5BAF372CD1130800A9C42A /* dtls1.h in Headers */ = {isa = PBXBuildFile; fileRef = DA5BAEDA2CD1130800A9C42A /* dtls1.h */; };
		DA5BAF392CD1130800A9C42A /* rc4.h in Headers */ = {isa = PBXBuildFile; fileRef = DA5BAF072CD1130800A9C42A /* rc4.h */; };
		DA5BAF3A2CD1130800A9C42A /* __DECC_INCLUDE_PROLOGUE.H in Headers */ = {isa = PBXBuildFile; fileRef = DA5BAEB62CD1130800A9C42A /* __DECC_INCLUDE_PROLOGUE.H */; };
		DA5BAF3B2CD1130800A9C42A /* opensslconf.h in Headers */ = {isa = PBXBuildFile; fileRef = DA5BAEF72CD1130800A9C42A /* opensslconf.h */; };
		DA5BAF3C2CD1130800A9C42A /* lhash.h in Headers */ = {isa = PBXBuildFile; fileRef = DA5BAEEC2CD1130800A9C42A /* lhash.h */; };
		DA5BAF3D2CD1130800A9C42A /* ec.h in Headers */ = {isa = PBXBuildFile; fileRef = DA5BAEDD2CD1130800A9C42A /* ec.h */; };
		DA5BAF3E2CD1130800A9C42A /* conf_api.h in Headers */ = {isa = PBXBuildFile; fileRef = DA5BAECD2CD1130800A9C42A /* conf_api.h */; };
		DA5BAF3F2CD1130800A9C42A /* asn1_mac.h in Headers */ = {isa = PBXBuildFile; fileRef = DA5BAEB92CD1130800A9C42A /* asn1_mac.h */; };
		DA5BAF402CD1130800A9C42A /* x509err.h in Headers */ = {isa = PBXBuildFile; fileRef = DA5BAF242CD1130800A9C42A /* x509err.h */; };
		DA5BAF412CD1130800A9C42A /* evp.h in Headers */ = {isa = PBXBuildFile; fileRef = DA5BAEE42CD1130800A9C42A /* evp.h */; };
		DA5BAF422CD1130800A9C42A /* buffer.h in Headers */ = {isa = PBXBuildFile; fileRef = DA5BAEC32CD1130800A9C42A /* buffer.h */; };
		DA5BAF432CD1130800A9C42A /* uierr.h in Headers */ = {isa = PBXBuildFile; fileRef = DA5BAF202CD1130800A9C42A /* uierr.h */; };
		DA5BAF442CD1130800A9C42A /* cterr.h in Headers */ = {isa = PBXBuildFile; fileRef = DA5BAED22CD1130800A9C42A /* cterr.h */; };
		DA5BAF452CD1130800A9C42A /* e_os2.h in Headers */ = {isa = PBXBuildFile; fileRef = DA5BAEDB2CD1130800A9C42A /* e_os2.h */; };
		DA5BAF462CD1130800A9C42A /* crypto.h in Headers */ = {isa = PBXBuildFile; fileRef = DA5BAECF2CD1130800A9C42A /* crypto.h */; };
		DA5BAF472CD1130800A9C42A /* des.h in Headers */ = {isa = PBXBuildFile; fileRef = DA5BAED32CD1130800A9C42A /* des.h */; };
		DA5BAF482CD1130800A9C42A /* asn1t.h in Headers */ = {isa = PBXBuildFile; fileRef = DA5BAEBB2CD1130800A9C42A /* asn1t.h */; };
		DA5BAF492CD1130800A9C42A /* rc2.h in Headers */ = {isa = PBXBuildFile; fileRef = DA5BAF062CD1130800A9C42A /* rc2.h */; };
		DA5BAF4A2CD1130800A9C42A /* __DECC_INCLUDE_EPILOGUE.H in Headers */ = {isa = PBXBuildFile; fileRef = DA5BAEB52CD1130800A9C42A /* __DECC_INCLUDE_EPILOGUE.H */; };
		DA5BAF4B2CD1130800A9C42A /* pkcs12.h in Headers */ = {isa = PBXBuildFile; fileRef = DA5BAF002CD1130800A9C42A /* pkcs12.h */; };
		DA5BAF4C2CD1130800A9C42A /* md5.h in Headers */ = {isa = PBXBuildFile; fileRef = DA5BAEEF2CD1130800A9C42A /* md5.h */; };
		DA5BAF4D2CD1130800A9C42A /* ossl_typ.h in Headers */ = {isa = PBXBuildFile; fileRef = DA5BAEFA2CD1130800A9C42A /* ossl_typ.h */; };
		DA5BAF4E2CD1130800A9C42A /* comperr.h in Headers */ = {isa = PBXBuildFile; fileRef = DA5BAECB2CD1130800A9C42A /* comperr.h */; };
		DA5BAF4F2CD1130800A9C42A /* x509_vfy.h in Headers */ = {isa = PBXBuildFile; fileRef = DA5BAF232CD1130800A9C42A /* x509_vfy.h */; };
		DA5BAF502CD1130800A9C42A /* err.h in Headers */ = {isa = PBXBuildFile; fileRef = DA5BAEE32CD1130800A9C42A /* err.h */; };
		DA5BAF512CD1130800A9C42A /* evperr.h in Headers */ = {isa = PBXBuildFile; fileRef = DA5BAEE52CD1130800A9C42A /* evperr.h */; };
		DA5BAF522CD1130800A9C42A /* ebcdic.h in Headers */ = {isa = PBXBuildFile; fileRef = DA5BAEDC2CD1130800A9C42A /* ebcdic.h */; };
		DA5BAF532CD1130800A9C42A /* dsa.h in Headers */ = {isa = PBXBuildFile; fileRef = DA5BAED72CD1130800A9C42A /* dsa.h */; };
		DA5BAF542CD1130800A9C42A /* rc5.h in Headers */ = {isa = PBXBuildFile; fileRef = DA5BAF082CD1130800A9C42A /* rc5.h */; };
		DA5BAF552CD1130800A9C42A /* conferr.h in Headers */ = {isa = PBXBuildFile; fileRef = DA5BAECE2CD1130800A9C42A /* conferr.h */; };
		DA5BAF562CD1130800A9C42A /* cmserr.h in Headers */ = {isa = PBXBuildFile; fileRef = DA5BAEC92CD1130800A9C42A /* cmserr.h */; };
		DA5BAF572CD1130800A9C42A /* safestack.h in Headers */ = {isa = PBXBuildFile; fileRef = DA5BAF0C2CD1130800A9C42A /* safestack.h */; };
		DA5BAF582CD1130800A9C42A /* engine.h in Headers */ = {isa = PBXBuildFile; fileRef = DA5BAEE12CD1130800A9C42A /* engine.h */; };
		DA5BAF592CD1130800A9C42A /* pemerr.h in Headers */ = {isa = PBXBuildFile; fileRef = DA5BAEFD2CD1130800A9C42A /* pemerr.h */; };
		DA5BAF5A2CD1130800A9C42A /* randerr.h in Headers */ = {isa = PBXBuildFile; fileRef = DA5BAF052CD1130800A9C42A /* randerr.h */; };
		DA5BAF5B2CD1130800A9C42A /* dh.h in Headers */ = {isa = PBXBuildFile; fileRef = DA5BAED52CD1130800A9C42A /* dh.h */; };
		DA5BAF5C2CD1130800A9C42A /* cmac.h in Headers */ = {isa = PBXBuildFile; fileRef = DA5BAEC72CD1130800A9C42A /* cmac.h */; };
		DA5BAF5D2CD1130800A9C42A /* x509v3.h in Headers */ = {isa = PBXBuildFile; fileRef = DA5BAF252CD1130800A9C42A /* x509v3.h */; };
		DA5BAF5E2CD1130800A9C42A /* pem2.h in Headers */ = {isa = PBXBuildFile; fileRef = DA5BAEFC2CD1130800A9C42A /* pem2.h */; };
		DA5BAF5F2CD1130800A9C42A /* ocsp.h in Headers */ = {isa = PBXBuildFile; fileRef = DA5BAEF52CD1130800A9C42A /* ocsp.h */; };
		DA5BAF602CD1130800A9C42A /* obj_mac.h in Headers */ = {isa = PBXBuildFile; fileRef = DA5BAEF22CD1130800A9C42A /* obj_mac.h */; };
		DA5BAF612CD1130800A9C42A /* sha.h in Headers */ = {isa = PBXBuildFile; fileRef = DA5BAF0E2CD1130800A9C42A /* sha.h */; };
		DA5BAF622CD1130800A9C42A /* tserr.h in Headers */ = {isa = PBXBuildFile; fileRef = DA5BAF1C2CD1130800A9C42A /* tserr.h */; };
		DA5BAF632CD1130800A9C42A /* rsa.h in Headers */ = {isa = PBXBuildFile; fileRef = DA5BAF0A2CD1130800A9C42A /* rsa.h */; };
		DA5BAF642CD1130800A9C42A /* asn1err.h in Headers */ = {isa = PBXBuildFile; fileRef = DA5BAEBA2CD1130800A9C42A /* asn1err.h */; };
		DA5BAF652CD1130800A9C42A /* ocsperr.h in Headers */ = {isa = PBXBuildFile; fileRef = DA5BAEF62CD1130800A9C42A /* ocsperr.h */; };
		DA5BAF662CD1130800A9C42A /* x509.h in Headers */ = {isa = PBXBuildFile; fileRef = DA5BAF222CD1130800A9C42A /* x509.h */; };
		DA5BAF672CD1130800A9C42A /* blowfish.h in Headers */ = {isa = PBXBuildFile; fileRef = DA5BAEC02CD1130800A9C42A /* blowfish.h */; };
		DA5BAF682CD1130800A9C42A /* md2.h in Headers */ = {isa = PBXBuildFile; fileRef = DA5BAEED2CD1130800A9C42A /* md2.h */; };
		DA5BAF692CD1130800A9C42A /* ssl.h in Headers */ = {isa = PBXBuildFile; fileRef = DA5BAF112CD1130800A9C42A /* ssl.h */; };
		DA5BAF6A2CD1130800A9C42A /* pqueue.h in Headers */ = {isa = PBXBuildFile; fileRef = DA5BAF022CD1130800A9C42A /* pqueue.h */; };
		DA5BAF6B2CD1130800A9C42A /* ui_compat.h in Headers */ = {isa = PBXBuildFile; fileRef = DA5BAF1F2CD1130800A9C42A /* ui_compat.h */; };
		DA5BAF6C2CD1130800A9C42A /* dsaerr.h in Headers */ = {isa = PBXBuildFile; fileRef = DA5BAED82CD1130800A9C42A /* dsaerr.h */; };
		DA5BAF6D2CD1130800A9C42A /* bn.h in Headers */ = {isa = PBXBuildFile; fileRef = DA5BAEC12CD1130800A9C42A /* bn.h */; };
		DA5BAF6E2CD1130800A9C42A /* mdc2.h in Headers */ = {isa = PBXBuildFile; fileRef = DA5BAEF02CD1130800A9C42A /* mdc2.h */; };
		DA5BAF6F2CD1130800A9C42A /* objects.h in Headers */ = {isa = PBXBuildFile; fileRef = DA5BAEF32CD1130800A9C42A /* objects.h */; };
		DA5BAF702CD1130800A9C42A /* md4.h in Headers */ = {isa = PBXBuildFile; fileRef = DA5BAEEE2CD1130800A9C42A /* md4.h */; };
		DA5BAF712CD1130800A9C42A /* kssl.h in Headers */ = {isa = PBXBuildFile; fileRef = DA5BAEEB2CD1130800A9C42A /* kssl.h */; };
		DA5BAF722CD1130800A9C42A /* pkcs12err.h in Headers */ = {isa = PBXBuildFile; fileRef = DA5BAF012CD1130800A9C42A /* pkcs12err.h */; };
		DA5BAF732CD1130800A9C42A /* buffererr.h in Headers */ = {isa = PBXBuildFile; fileRef = DA5BAEC42CD1130800A9C42A /* buffererr.h */; };
		DA5BAF742CD1130800A9C42A /* conf.h in Headers */ = {isa = PBXBuildFile; fileRef = DA5BAECC2CD1130800A9C42A /* conf.h */; };
		DA5BAF752CD1130800A9C42A /* tls1.h in Headers */ = {isa = PBXBuildFile; fileRef = DA5BAF1A2CD1130800A9C42A /* tls1.h */; };
		DA5BAF762CD1130800A9C42A /* seed.h in Headers */ = {isa = PBXBuildFile; fileRef = DA5BAF0D2CD1130800A9C42A /* seed.h */; };
		DA5BAF772CD1130800A9C42A /* ssl3.h in Headers */ = {isa = PBXBuildFile; fileRef = DA5BAF132CD1130800A9C42A /* ssl3.h */; };
		DA5BAF792CD1130800A9C42A /* asyncerr.h in Headers */ = {isa = PBXBuildFile; fileRef = DA5BAEBD2CD1130800A9C42A /* asyncerr.h */; };
		DA5BAF7A2CD1130800A9C42A /* comp.h in Headers */ = {isa = PBXBuildFile; fileRef = DA5BAECA2CD1130800A9C42A /* comp.h */; };
		DA5BAF7B2CD1130800A9C42A /* ct.h in Headers */ = {isa = PBXBuildFile; fileRef = DA5BAED12CD1130800A9C42A /* ct.h */; };
		DA5BAF7C2CD1130800A9C42A /* bioerr.h in Headers */ = {isa = PBXBuildFile; fileRef = DA5BAEBF2CD1130800A9C42A /* bioerr.h */; };
		DA5BAF7D2CD1130800A9C42A /* aes.h in Headers */ = {isa = PBXBuildFile; fileRef = DA5BAEB72CD1130800A9C42A /* aes.h */; };
		DA5BAF7E2CD1130800A9C42A /* rand_drbg.h in Headers */ = {isa = PBXBuildFile; fileRef = DA5BAF042CD1130800A9C42A /* rand_drbg.h */; };
		DA5BAF7F2CD1130800A9C42A /* kdferr.h in Headers */ = {isa = PBXBuildFile; fileRef = DA5BAEE92CD1130800A9C42A /* kdferr.h */; };
		DA5BAF802CD1130800A9C42A /* camellia.h in Headers */ = {isa = PBXBuildFile; fileRef = DA5BAEC52CD1130800A9C42A /* camellia.h */; };
		DA5BAF812CD1130800A9C42A /* objectserr.h in Headers */ = {isa = PBXBuildFile; fileRef = DA5BAEF42CD1130800A9C42A /* objectserr.h */; };
		DA5BAF822CD1130800A9C42A /* kdf.h in Headers */ = {isa = PBXBuildFile; fileRef = DA5BAEE82CD1130800A9C42A /* kdf.h */; };
		DA5BAF832CD1130800A9C42A /* ecerr.h in Headers */ = {isa = PBXBuildFile; fileRef = DA5BAEE02CD1130800A9C42A /* ecerr.h */; };
		DA5BAF842CD1130800A9C42A /* ui.h in Headers */ = {isa = PBXBuildFile; fileRef = DA5BAF1E2CD1130800A9C42A /* ui.h */; };
		DA5BAF852CD1130800A9C42A /* pkcs7.h in Headers */ = {isa = PBXBuildFile; fileRef = DA5BAEFE2CD1130800A9C42A /* pkcs7.h */; };
		DA5BAF862CD1130800A9C42A /* pem.h in Headers */ = {isa = PBXBuildFile; fileRef = DA5BAEFB2CD1130800A9C42A /* pem.h */; };
		DA5BAF872CD1130800A9C42A /* hmac.h in Headers */ = {isa = PBXBuildFile; fileRef = DA5BAEE62CD1130800A9C42A /* hmac.h */; };
		DA5BAF882CD1130800A9C42A /* pkcs7err.h in Headers */ = {isa = PBXBuildFile; fileRef = DA5BAEFF2CD1130800A9C42A /* pkcs7err.h */; };
		DA5BAF892CD1130800A9C42A /* cast.h in Headers */ = {isa = PBXBuildFile; fileRef = DA5BAEC62CD1130800A9C42A /* cast.h */; };
		DA5BAF8A2CD1130800A9C42A /* ts.h in Headers */ = {isa = PBXBuildFile; fileRef = DA5BAF1B2CD1130800A9C42A /* ts.h */; };
		DA5BAF8B2CD1130800A9C42A /* dherr.h in Headers */ = {isa = PBXBuildFile; fileRef = DA5BAED62CD1130800A9C42A /* dherr.h */; };
		DA5BAF8C2CD1130800A9C42A /* bio.h in Headers */ = {isa = PBXBuildFile; fileRef = DA5BAEBE2CD1130800A9C42A /* bio.h */; };
		DA5BAF8D2CD1130800A9C42A /* ssl23.h in Headers */ = {isa = PBXBuildFile; fileRef = DA5BAF142CD1130800A9C42A /* ssl23.h */; };
		DA5BAF8E2CD1130800A9C42A /* async.h in Headers */ = {isa = PBXBuildFile; fileRef = DA5BAEBC2CD1130800A9C42A /* async.h */; };
		DA5BAF8F2CD1130800A9C42A /* dso.h in Headers */ = {isa = PBXBuildFile; fileRef = DA5BAED92CD1130800A9C42A /* dso.h */; };
		DA5BAF902CD1130800A9C42A /* txt_db.h in Headers */ = {isa = PBXBuildFile; fileRef = DA5BAF1D2CD1130800A9C42A /* txt_db.h */; };
		DA5BAF912CD1130800A9C42A /* des_old.h in Headers */ = {isa = PBXBuildFile; fileRef = DA5BAED42CD1130800A9C42A /* des_old.h */; };
		DA5BAF922CD1130800A9C42A /* srtp.h in Headers */ = {isa = PBXBuildFile; fileRef = DA5BAF102CD1130800A9C42A /* srtp.h */; };
		DA5BAF932CD1130800A9C42A /* asn1.h in Headers */ = {isa = PBXBuildFile; fileRef = DA5BAEB82CD1130800A9C42A /* asn1.h */; };
		DA5BAF942CD1130800A9C42A /* rsaerr.h in Headers */ = {isa = PBXBuildFile; fileRef = DA5BAF0B2CD1130800A9C42A /* rsaerr.h */; };
		DA5BAF952CD1130800A9C42A /* ripemd.h in Headers */ = {isa = PBXBuildFile; fileRef = DA5BAF092CD1130800A9C42A /* ripemd.h */; };
		DA5BAF962CD1130800A9C42A /* cms.h in Headers */ = {isa = PBXBuildFile; fileRef = DA5BAEC82CD1130800A9C42A /* cms.h */; };
		DA5BAF972CD1130800A9C42A /* cryptoerr.h in Headers */ = {isa = PBXBuildFile; fileRef = DA5BAED02CD1130800A9C42A /* cryptoerr.h */; };
		DA5BAF982CD1130800A9C42A /* whrlpool.h in Headers */ = {isa = PBXBuildFile; fileRef = DA5BAF212CD1130800A9C42A /* whrlpool.h */; };
		DA5BAF992CD1130800A9C42A /* sslerr.h in Headers */ = {isa = PBXBuildFile; fileRef = DA5BAF152CD1130800A9C42A /* sslerr.h */; };
		F95B2FA02C413AF30092D231 /* KeyTweetNacl.m in Sources */ = {isa = PBXBuildFile; fileRef = F95B2F9F2C413AF30092D231 /* KeyTweetNacl.m */; };
		F95B2FA42C414FE60092D231 /* EdDSATest.swift in Sources */ = {isa = PBXBuildFile; fileRef = F95B2FA32C414FE60092D231 /* EdDSATest.swift */; };
		F95B2FA52C41511F0092D231 /* KeyTweetNacl.h in Headers */ = {isa = PBXBuildFile; fileRef = F95B2FA12C413B2E0092D231 /* KeyTweetNacl.h */; settings = {ATTRIBUTES = (Private, ); }; };
/* End PBXBuildFile section */

/* Begin PBXContainerItemProxy section */
		75A13149296C4AAA00DCBD5A /* PBXContainerItemProxy */ = {
			isa = PBXContainerItemProxy;
			containerPortal = 75A13134296C4AAA00DCBD5A /* Project object */;
			proxyType = 1;
			remoteGlobalIDString = 75A1313C296C4AAA00DCBD5A;
			remoteInfo = WalletLibCrypto;
		};
/* End PBXContainerItemProxy section */

/* Begin PBXFileReference section */
		759435AD2B17968700895099 /* TweetNacl.h */ = {isa = PBXFileReference; lastKnownFileType = sourcecode.c.h; path = TweetNacl.h; sourceTree = "<group>"; };
		759435AE2B1796A200895099 /* TweetNacl.c */ = {isa = PBXFileReference; lastKnownFileType = sourcecode.c.c; path = TweetNacl.c; sourceTree = "<group>"; };
		75A1313D296C4AAA00DCBD5A /* WalletLibCrypto.framework */ = {isa = PBXFileReference; explicitFileType = wrapper.framework; includeInIndex = 0; path = WalletLibCrypto.framework; sourceTree = BUILT_PRODUCTS_DIR; };
		75A13140296C4AAA00DCBD5A /* WalletLibCrypto.h */ = {isa = PBXFileReference; lastKnownFileType = sourcecode.c.h; path = WalletLibCrypto.h; sourceTree = "<group>"; };
		75A13141296C4AAA00DCBD5A /* WalletLibCrypto.docc */ = {isa = PBXFileReference; lastKnownFileType = folder.documentationcatalog; path = WalletLibCrypto.docc; sourceTree = "<group>"; };
		75A13147296C4AAA00DCBD5A /* WalletLibCryptoTests.xctest */ = {isa = PBXFileReference; explicitFileType = wrapper.cfbundle; includeInIndex = 0; path = WalletLibCryptoTests.xctest; sourceTree = BUILT_PRODUCTS_DIR; };
		75A13158296C4C4F00DCBD5A /* Base58.h */ = {isa = PBXFileReference; lastKnownFileType = sourcecode.c.h; path = Base58.h; sourceTree = "<group>"; };
		75A13159296C4CDA00DCBD5A /* Bech32.h */ = {isa = PBXFileReference; lastKnownFileType = sourcecode.c.h; path = Bech32.h; sourceTree = "<group>"; };
		75A1315A296C4D8E00DCBD5A /* Bignum.h */ = {isa = PBXFileReference; lastKnownFileType = sourcecode.c.h; path = Bignum.h; sourceTree = "<group>"; };
		75A1315B296C51F500DCBD5A /* Curve.h */ = {isa = PBXFileReference; lastKnownFileType = sourcecode.c.h; path = Curve.h; sourceTree = "<group>"; };
		75A1315C296C532900DCBD5A /* ECDSA.h */ = {isa = PBXFileReference; lastKnownFileType = sourcecode.c.h; path = ECDSA.h; sourceTree = "<group>"; };
		75A1315D296C53E300DCBD5A /* EdDSA.h */ = {isa = PBXFileReference; lastKnownFileType = sourcecode.c.h; path = EdDSA.h; sourceTree = "<group>"; };
		75A1315E296C550200DCBD5A /* KeySecp256k1.h */ = {isa = PBXFileReference; lastKnownFileType = sourcecode.c.h; path = KeySecp256k1.h; sourceTree = "<group>"; };
		75A1315F296C562D00DCBD5A /* Hash.h */ = {isa = PBXFileReference; lastKnownFileType = sourcecode.c.h; path = Hash.h; sourceTree = "<group>"; };
		75A13160296C576C00DCBD5A /* HexConverter.h */ = {isa = PBXFileReference; lastKnownFileType = sourcecode.c.h; path = HexConverter.h; sourceTree = "<group>"; };
		75A13162296C58EA00DCBD5A /* Bignum.m */ = {isa = PBXFileReference; lastKnownFileType = sourcecode.c.objc; path = Bignum.m; sourceTree = "<group>"; };
		75A13337296C5FFE00DCBD5A /* ECDSA.m */ = {isa = PBXFileReference; lastKnownFileType = sourcecode.c.objc; path = ECDSA.m; sourceTree = "<group>"; };
		75AAF1D0296C657600FDC626 /* Curve.m */ = {isa = PBXFileReference; lastKnownFileType = sourcecode.c.objc; path = Curve.m; sourceTree = "<group>"; };
		75AAF1D3296C745E00FDC626 /* EdDSA.m */ = {isa = PBXFileReference; lastKnownFileType = sourcecode.c.objc; path = EdDSA.m; sourceTree = "<group>"; };
		75AAF1D5296C763900FDC626 /* curve25519-donna-helpers.h */ = {isa = PBXFileReference; fileEncoding = 4; lastKnownFileType = sourcecode.c.h; path = "curve25519-donna-helpers.h"; sourceTree = "<group>"; };
		75AAF1D6296C763900FDC626 /* ed25519-donna-impl-base.h */ = {isa = PBXFileReference; fileEncoding = 4; lastKnownFileType = sourcecode.c.h; path = "ed25519-donna-impl-base.h"; sourceTree = "<group>"; };
		75AAF1D7296C763900FDC626 /* modm-donna-32bit.h */ = {isa = PBXFileReference; fileEncoding = 4; lastKnownFileType = sourcecode.c.h; path = "modm-donna-32bit.h"; sourceTree = "<group>"; };
		75AAF1D8296C763900FDC626 /* ed25519-donna-64bit-x86-32bit.h */ = {isa = PBXFileReference; fileEncoding = 4; lastKnownFileType = sourcecode.c.h; path = "ed25519-donna-64bit-x86-32bit.h"; sourceTree = "<group>"; };
		75AAF1D9296C763900FDC626 /* ed25519-donna.h */ = {isa = PBXFileReference; fileEncoding = 4; lastKnownFileType = sourcecode.c.h; path = "ed25519-donna.h"; sourceTree = "<group>"; };
		75AAF1DA296C763900FDC626 /* ed25519-donna-32bit-tables.h */ = {isa = PBXFileReference; fileEncoding = 4; lastKnownFileType = sourcecode.c.h; path = "ed25519-donna-32bit-tables.h"; sourceTree = "<group>"; };
		75AAF1DB296C763900FDC626 /* curve25519-donna-64bit.h */ = {isa = PBXFileReference; fileEncoding = 4; lastKnownFileType = sourcecode.c.h; path = "curve25519-donna-64bit.h"; sourceTree = "<group>"; };
		75AAF1DC296C763900FDC626 /* blake2b.h */ = {isa = PBXFileReference; fileEncoding = 4; lastKnownFileType = sourcecode.c.h; path = blake2b.h; sourceTree = "<group>"; };
		75AAF1DD296C763900FDC626 /* ed25519-donna-basepoint-table.h */ = {isa = PBXFileReference; fileEncoding = 4; lastKnownFileType = sourcecode.c.h; path = "ed25519-donna-basepoint-table.h"; sourceTree = "<group>"; };
		75AAF1DE296C763900FDC626 /* ed25519-donna-portable.h */ = {isa = PBXFileReference; fileEncoding = 4; lastKnownFileType = sourcecode.c.h; path = "ed25519-donna-portable.h"; sourceTree = "<group>"; };
		75AAF1DF296C763900FDC626 /* ed25519-donna-64bit-tables.h */ = {isa = PBXFileReference; fileEncoding = 4; lastKnownFileType = sourcecode.c.h; path = "ed25519-donna-64bit-tables.h"; sourceTree = "<group>"; };
		75AAF1E0296C763900FDC626 /* ed25519.h */ = {isa = PBXFileReference; fileEncoding = 4; lastKnownFileType = sourcecode.c.h; path = ed25519.h; sourceTree = "<group>"; };
		75AAF1E1296C763900FDC626 /* keccak-tiny.h */ = {isa = PBXFileReference; fileEncoding = 4; lastKnownFileType = sourcecode.c.h; path = "keccak-tiny.h"; sourceTree = "<group>"; };
		75AAF1E2296C763900FDC626 /* ed25519-donna-64bit-x86.h */ = {isa = PBXFileReference; fileEncoding = 4; lastKnownFileType = sourcecode.c.h; path = "ed25519-donna-64bit-x86.h"; sourceTree = "<group>"; };
		75AAF1E3296C763900FDC626 /* curve25519-donna-32bit.h */ = {isa = PBXFileReference; fileEncoding = 4; lastKnownFileType = sourcecode.c.h; path = "curve25519-donna-32bit.h"; sourceTree = "<group>"; };
		75AAF1E4296C763900FDC626 /* ed25519-hash.h */ = {isa = PBXFileReference; fileEncoding = 4; lastKnownFileType = sourcecode.c.h; path = "ed25519-hash.h"; sourceTree = "<group>"; };
		75AAF1E5296C763900FDC626 /* ed25519-donna-batchverify.h */ = {isa = PBXFileReference; fileEncoding = 4; lastKnownFileType = sourcecode.c.h; path = "ed25519-donna-batchverify.h"; sourceTree = "<group>"; };
		75AAF1E6296C763A00FDC626 /* ed25519-donna-portable-identify.h */ = {isa = PBXFileReference; fileEncoding = 4; lastKnownFileType = sourcecode.c.h; path = "ed25519-donna-portable-identify.h"; sourceTree = "<group>"; };
		75AAF1E7296C763A00FDC626 /* modm-donna-64bit.h */ = {isa = PBXFileReference; fileEncoding = 4; lastKnownFileType = sourcecode.c.h; path = "modm-donna-64bit.h"; sourceTree = "<group>"; };
		75AAF1FB296C776200FDC626 /* sign.h */ = {isa = PBXFileReference; fileEncoding = 4; lastKnownFileType = sourcecode.c.h; path = sign.h; sourceTree = "<group>"; };
		75AAF1FE296C789400FDC626 /* ed25519.c */ = {isa = PBXFileReference; fileEncoding = 4; lastKnownFileType = sourcecode.c.c; path = ed25519.c; sourceTree = "<group>"; };
		75AAF203296C792B00FDC626 /* blake2b.c */ = {isa = PBXFileReference; fileEncoding = 4; lastKnownFileType = sourcecode.c.c; path = blake2b.c; sourceTree = "<group>"; };
		75AAF205296C79E200FDC626 /* Hash.m */ = {isa = PBXFileReference; lastKnownFileType = sourcecode.c.objc; path = Hash.m; sourceTree = "<group>"; };
		75AAF208296C7B6F00FDC626 /* keccak-tiny.c */ = {isa = PBXFileReference; fileEncoding = 4; lastKnownFileType = sourcecode.c.c; path = "keccak-tiny.c"; sourceTree = "<group>"; };
		75AAF20B296D7DEA00FDC626 /* KeySecp256k1.m */ = {isa = PBXFileReference; lastKnownFileType = sourcecode.c.objc; path = KeySecp256k1.m; sourceTree = "<group>"; };
		75AAF210296D905900FDC626 /* Base58.m */ = {isa = PBXFileReference; lastKnownFileType = sourcecode.c.objc; path = Base58.m; sourceTree = "<group>"; };
		75AAF212296D91B400FDC626 /* Bech32.m */ = {isa = PBXFileReference; lastKnownFileType = sourcecode.c.objc; path = Bech32.m; sourceTree = "<group>"; };
		75AAF217296D952E00FDC626 /* KeyEd25519.h */ = {isa = PBXFileReference; lastKnownFileType = sourcecode.c.h; path = KeyEd25519.h; sourceTree = "<group>"; };
		75AAF219296D97A800FDC626 /* KeyEd25519.m */ = {isa = PBXFileReference; lastKnownFileType = sourcecode.c.objc; path = KeyEd25519.m; sourceTree = "<group>"; };
		75AAF21B296D997700FDC626 /* KeyType.h */ = {isa = PBXFileReference; lastKnownFileType = sourcecode.c.h; path = KeyType.h; sourceTree = "<group>"; };
		75AAF21D296D9BBB00FDC626 /* HDDerivation.swift */ = {isa = PBXFileReference; lastKnownFileType = sourcecode.swift; path = HDDerivation.swift; sourceTree = "<group>"; };
		75AAF21F296DA30D00FDC626 /* HDDerivationEd25519.swift */ = {isa = PBXFileReference; lastKnownFileType = sourcecode.swift; path = HDDerivationEd25519.swift; sourceTree = "<group>"; };
		75AAF221296DA80200FDC626 /* KeySecp256k1Test.swift */ = {isa = PBXFileReference; lastKnownFileType = sourcecode.swift; path = KeySecp256k1Test.swift; sourceTree = "<group>"; };
		75AAF223296DA91900FDC626 /* TestData.swift */ = {isa = PBXFileReference; lastKnownFileType = sourcecode.swift; path = TestData.swift; sourceTree = "<group>"; };
		75AAF225296DA9DF00FDC626 /* KeySecp256k1TestVector.swift */ = {isa = PBXFileReference; lastKnownFileType = sourcecode.swift; path = KeySecp256k1TestVector.swift; sourceTree = "<group>"; };
		75AAF228296DAB9B00FDC626 /* Data+HEX.swift */ = {isa = PBXFileReference; lastKnownFileType = sourcecode.swift; path = "Data+HEX.swift"; sourceTree = "<group>"; };
		75AAF22B296DAC7F00FDC626 /* String+Data.swift */ = {isa = PBXFileReference; lastKnownFileType = sourcecode.swift; path = "String+Data.swift"; sourceTree = "<group>"; };
		75AAF22E296DAD0700FDC626 /* DataConvertibleProtocol.swift */ = {isa = PBXFileReference; lastKnownFileType = sourcecode.swift; path = DataConvertibleProtocol.swift; sourceTree = "<group>"; };
		75AAF231296DAD8E00FDC626 /* String+Type.swift */ = {isa = PBXFileReference; lastKnownFileType = sourcecode.swift; path = "String+Type.swift"; sourceTree = "<group>"; };
		75AAF233296DADBD00FDC626 /* String+Components.swift */ = {isa = PBXFileReference; lastKnownFileType = sourcecode.swift; path = "String+Components.swift"; sourceTree = "<group>"; };
		75AAF236296DAE6600FDC626 /* Numeric+Data.swift */ = {isa = PBXFileReference; lastKnownFileType = sourcecode.swift; path = "Numeric+Data.swift"; sourceTree = "<group>"; };
		75AAF239296DC0B300FDC626 /* openssl_update.sh */ = {isa = PBXFileReference; fileEncoding = 4; lastKnownFileType = text.script.sh; path = openssl_update.sh; sourceTree = "<group>"; };
		75AAF23A296DC0B300FDC626 /* openssl_config.patch */ = {isa = PBXFileReference; fileEncoding = 4; lastKnownFileType = text; path = openssl_config.patch; sourceTree = "<group>"; };
		75AAF23D296DC1F800FDC626 /* HDDerivationTest.swift */ = {isa = PBXFileReference; lastKnownFileType = sourcecode.swift; path = HDDerivationTest.swift; sourceTree = "<group>"; };
		75AAF23F296DC24000FDC626 /* HDDerivationTestVector.swift */ = {isa = PBXFileReference; lastKnownFileType = sourcecode.swift; path = HDDerivationTestVector.swift; sourceTree = "<group>"; };
		75AAF244296DC8C600FDC626 /* Base58Test.swift */ = {isa = PBXFileReference; lastKnownFileType = sourcecode.swift; path = Base58Test.swift; sourceTree = "<group>"; };
		75AAF248296DC9BB00FDC626 /* Base58testExpected.swift */ = {isa = PBXFileReference; lastKnownFileType = sourcecode.swift; path = Base58testExpected.swift; sourceTree = "<group>"; };
		75AAF24D296DCA5100FDC626 /* ECDSATest.swift */ = {isa = PBXFileReference; lastKnownFileType = sourcecode.swift; path = ECDSATest.swift; sourceTree = "<group>"; };
		75AAF252296DCAFD00FDC626 /* SignatureECDSA.swift */ = {isa = PBXFileReference; lastKnownFileType = sourcecode.swift; path = SignatureECDSA.swift; sourceTree = "<group>"; };
		75AAF254296DD40A00FDC626 /* SignatureEdDSA.swift */ = {isa = PBXFileReference; lastKnownFileType = sourcecode.swift; path = SignatureEdDSA.swift; sourceTree = "<group>"; };
		75AAF257296DD4AF00FDC626 /* HexConverter.m */ = {isa = PBXFileReference; lastKnownFileType = sourcecode.c.objc; path = HexConverter.m; sourceTree = "<group>"; };
		75AAF2F5296EE3FF00FDC626 /* Data+Hash.swift */ = {isa = PBXFileReference; lastKnownFileType = sourcecode.swift; path = "Data+Hash.swift"; sourceTree = "<group>"; };
		75AAF2F7296EE42400FDC626 /* String+Hash.swift */ = {isa = PBXFileReference; lastKnownFileType = sourcecode.swift; path = "String+Hash.swift"; sourceTree = "<group>"; };
		75AAF31D296EFFC600FDC626 /* Data+Type.swift */ = {isa = PBXFileReference; lastKnownFileType = sourcecode.swift; path = "Data+Type.swift"; sourceTree = "<group>"; };
		75AAF32A296F10A900FDC626 /* String+Base58.swift */ = {isa = PBXFileReference; lastKnownFileType = sourcecode.swift; path = "String+Base58.swift"; sourceTree = "<group>"; };
		75AAF32C296F114A00FDC626 /* Data+Base58.swift */ = {isa = PBXFileReference; lastKnownFileType = sourcecode.swift; path = "Data+Base58.swift"; sourceTree = "<group>"; };
		75F7F27C296C629600DBD91A /* WalletLibCrypto.modulemap */ = {isa = PBXFileReference; lastKnownFileType = "sourcecode.module-map"; path = WalletLibCrypto.modulemap; sourceTree = "<group>"; };
		D53EB7D12BD7DDA000AD6E5A /* Base58RippleTestData.swift */ = {isa = PBXFileReference; lastKnownFileType = sourcecode.swift; path = Base58RippleTestData.swift; sourceTree = "<group>"; };
		DA52E4EC2CB5D1DD00B951DC /* libcrypto.xcframework */ = {isa = PBXFileReference; lastKnownFileType = wrapper.xcframework; path = libcrypto.xcframework; sourceTree = "<group>"; };
		DA5BAEB52CD1130800A9C42A /* __DECC_INCLUDE_EPILOGUE.H */ = {isa = PBXFileReference; lastKnownFileType = sourcecode.cpp.h; path = __DECC_INCLUDE_EPILOGUE.H; sourceTree = "<group>"; };
		DA5BAEB62CD1130800A9C42A /* __DECC_INCLUDE_PROLOGUE.H */ = {isa = PBXFileReference; lastKnownFileType = sourcecode.cpp.h; path = __DECC_INCLUDE_PROLOGUE.H; sourceTree = "<group>"; };
		DA5BAEB72CD1130800A9C42A /* aes.h */ = {isa = PBXFileReference; lastKnownFileType = sourcecode.c.h; path = aes.h; sourceTree = "<group>"; };
		DA5BAEB82CD1130800A9C42A /* asn1.h */ = {isa = PBXFileReference; lastKnownFileType = sourcecode.c.h; path = asn1.h; sourceTree = "<group>"; };
		DA5BAEB92CD1130800A9C42A /* asn1_mac.h */ = {isa = PBXFileReference; lastKnownFileType = sourcecode.c.h; path = asn1_mac.h; sourceTree = "<group>"; };
		DA5BAEBA2CD1130800A9C42A /* asn1err.h */ = {isa = PBXFileReference; lastKnownFileType = sourcecode.c.h; path = asn1err.h; sourceTree = "<group>"; };
		DA5BAEBB2CD1130800A9C42A /* asn1t.h */ = {isa = PBXFileReference; lastKnownFileType = sourcecode.c.h; path = asn1t.h; sourceTree = "<group>"; };
		DA5BAEBC2CD1130800A9C42A /* async.h */ = {isa = PBXFileReference; lastKnownFileType = sourcecode.c.h; path = async.h; sourceTree = "<group>"; };
		DA5BAEBD2CD1130800A9C42A /* asyncerr.h */ = {isa = PBXFileReference; lastKnownFileType = sourcecode.c.h; path = asyncerr.h; sourceTree = "<group>"; };
		DA5BAEBE2CD1130800A9C42A /* bio.h */ = {isa = PBXFileReference; lastKnownFileType = sourcecode.c.h; path = bio.h; sourceTree = "<group>"; };
		DA5BAEBF2CD1130800A9C42A /* bioerr.h */ = {isa = PBXFileReference; lastKnownFileType = sourcecode.c.h; path = bioerr.h; sourceTree = "<group>"; };
		DA5BAEC02CD1130800A9C42A /* blowfish.h */ = {isa = PBXFileReference; lastKnownFileType = sourcecode.c.h; path = blowfish.h; sourceTree = "<group>"; };
		DA5BAEC12CD1130800A9C42A /* bn.h */ = {isa = PBXFileReference; lastKnownFileType = sourcecode.c.h; path = bn.h; sourceTree = "<group>"; };
		DA5BAEC22CD1130800A9C42A /* bnerr.h */ = {isa = PBXFileReference; lastKnownFileType = sourcecode.c.h; path = bnerr.h; sourceTree = "<group>"; };
		DA5BAEC32CD1130800A9C42A /* buffer.h */ = {isa = PBXFileReference; lastKnownFileType = sourcecode.c.h; path = buffer.h; sourceTree = "<group>"; };
		DA5BAEC42CD1130800A9C42A /* buffererr.h */ = {isa = PBXFileReference; lastKnownFileType = sourcecode.c.h; path = buffererr.h; sourceTree = "<group>"; };
		DA5BAEC52CD1130800A9C42A /* camellia.h */ = {isa = PBXFileReference; lastKnownFileType = sourcecode.c.h; path = camellia.h; sourceTree = "<group>"; };
		DA5BAEC62CD1130800A9C42A /* cast.h */ = {isa = PBXFileReference; lastKnownFileType = sourcecode.c.h; path = cast.h; sourceTree = "<group>"; };
		DA5BAEC72CD1130800A9C42A /* cmac.h */ = {isa = PBXFileReference; lastKnownFileType = sourcecode.c.h; path = cmac.h; sourceTree = "<group>"; };
		DA5BAEC82CD1130800A9C42A /* cms.h */ = {isa = PBXFileReference; lastKnownFileType = sourcecode.c.h; path = cms.h; sourceTree = "<group>"; };
		DA5BAEC92CD1130800A9C42A /* cmserr.h */ = {isa = PBXFileReference; lastKnownFileType = sourcecode.c.h; path = cmserr.h; sourceTree = "<group>"; };
		DA5BAECA2CD1130800A9C42A /* comp.h */ = {isa = PBXFileReference; lastKnownFileType = sourcecode.c.h; path = comp.h; sourceTree = "<group>"; };
		DA5BAECB2CD1130800A9C42A /* comperr.h */ = {isa = PBXFileReference; lastKnownFileType = sourcecode.c.h; path = comperr.h; sourceTree = "<group>"; };
		DA5BAECC2CD1130800A9C42A /* conf.h */ = {isa = PBXFileReference; lastKnownFileType = sourcecode.c.h; path = conf.h; sourceTree = "<group>"; };
		DA5BAECD2CD1130800A9C42A /* conf_api.h */ = {isa = PBXFileReference; lastKnownFileType = sourcecode.c.h; path = conf_api.h; sourceTree = "<group>"; };
		DA5BAECE2CD1130800A9C42A /* conferr.h */ = {isa = PBXFileReference; lastKnownFileType = sourcecode.c.h; path = conferr.h; sourceTree = "<group>"; };
		DA5BAECF2CD1130800A9C42A /* crypto.h */ = {isa = PBXFileReference; lastKnownFileType = sourcecode.c.h; path = crypto.h; sourceTree = "<group>"; };
		DA5BAED02CD1130800A9C42A /* cryptoerr.h */ = {isa = PBXFileReference; lastKnownFileType = sourcecode.c.h; path = cryptoerr.h; sourceTree = "<group>"; };
		DA5BAED12CD1130800A9C42A /* ct.h */ = {isa = PBXFileReference; lastKnownFileType = sourcecode.c.h; path = ct.h; sourceTree = "<group>"; };
		DA5BAED22CD1130800A9C42A /* cterr.h */ = {isa = PBXFileReference; lastKnownFileType = sourcecode.c.h; path = cterr.h; sourceTree = "<group>"; };
		DA5BAED32CD1130800A9C42A /* des.h */ = {isa = PBXFileReference; lastKnownFileType = sourcecode.c.h; path = des.h; sourceTree = "<group>"; };
		DA5BAED42CD1130800A9C42A /* des_old.h */ = {isa = PBXFileReference; lastKnownFileType = sourcecode.c.h; path = des_old.h; sourceTree = "<group>"; };
		DA5BAED52CD1130800A9C42A /* dh.h */ = {isa = PBXFileReference; lastKnownFileType = sourcecode.c.h; path = dh.h; sourceTree = "<group>"; };
		DA5BAED62CD1130800A9C42A /* dherr.h */ = {isa = PBXFileReference; lastKnownFileType = sourcecode.c.h; path = dherr.h; sourceTree = "<group>"; };
		DA5BAED72CD1130800A9C42A /* dsa.h */ = {isa = PBXFileReference; lastKnownFileType = sourcecode.c.h; path = dsa.h; sourceTree = "<group>"; };
		DA5BAED82CD1130800A9C42A /* dsaerr.h */ = {isa = PBXFileReference; lastKnownFileType = sourcecode.c.h; path = dsaerr.h; sourceTree = "<group>"; };
		DA5BAED92CD1130800A9C42A /* dso.h */ = {isa = PBXFileReference; lastKnownFileType = sourcecode.c.h; path = dso.h; sourceTree = "<group>"; };
		DA5BAEDA2CD1130800A9C42A /* dtls1.h */ = {isa = PBXFileReference; lastKnownFileType = sourcecode.c.h; path = dtls1.h; sourceTree = "<group>"; };
		DA5BAEDB2CD1130800A9C42A /* e_os2.h */ = {isa = PBXFileReference; lastKnownFileType = sourcecode.c.h; path = e_os2.h; sourceTree = "<group>"; };
		DA5BAEDC2CD1130800A9C42A /* ebcdic.h */ = {isa = PBXFileReference; lastKnownFileType = sourcecode.c.h; path = ebcdic.h; sourceTree = "<group>"; };
		DA5BAEDD2CD1130800A9C42A /* ec.h */ = {isa = PBXFileReference; lastKnownFileType = sourcecode.c.h; path = ec.h; sourceTree = "<group>"; };
		DA5BAEE02CD1130800A9C42A /* ecerr.h */ = {isa = PBXFileReference; lastKnownFileType = sourcecode.c.h; path = ecerr.h; sourceTree = "<group>"; };
		DA5BAEE12CD1130800A9C42A /* engine.h */ = {isa = PBXFileReference; lastKnownFileType = sourcecode.c.h; path = engine.h; sourceTree = "<group>"; };
		DA5BAEE22CD1130800A9C42A /* engineerr.h */ = {isa = PBXFileReference; lastKnownFileType = sourcecode.c.h; path = engineerr.h; sourceTree = "<group>"; };
		DA5BAEE32CD1130800A9C42A /* err.h */ = {isa = PBXFileReference; lastKnownFileType = sourcecode.c.h; path = err.h; sourceTree = "<group>"; };
		DA5BAEE42CD1130800A9C42A /* evp.h */ = {isa = PBXFileReference; lastKnownFileType = sourcecode.c.h; path = evp.h; sourceTree = "<group>"; };
		DA5BAEE52CD1130800A9C42A /* evperr.h */ = {isa = PBXFileReference; lastKnownFileType = sourcecode.c.h; path = evperr.h; sourceTree = "<group>"; };
		DA5BAEE62CD1130800A9C42A /* hmac.h */ = {isa = PBXFileReference; lastKnownFileType = sourcecode.c.h; path = hmac.h; sourceTree = "<group>"; };
		DA5BAEE72CD1130800A9C42A /* idea.h */ = {isa = PBXFileReference; lastKnownFileType = sourcecode.c.h; path = idea.h; sourceTree = "<group>"; };
		DA5BAEE82CD1130800A9C42A /* kdf.h */ = {isa = PBXFileReference; lastKnownFileType = sourcecode.c.h; path = kdf.h; sourceTree = "<group>"; };
		DA5BAEE92CD1130800A9C42A /* kdferr.h */ = {isa = PBXFileReference; lastKnownFileType = sourcecode.c.h; path = kdferr.h; sourceTree = "<group>"; };
		DA5BAEEA2CD1130800A9C42A /* krb5_asn.h */ = {isa = PBXFileReference; lastKnownFileType = sourcecode.c.h; path = krb5_asn.h; sourceTree = "<group>"; };
		DA5BAEEB2CD1130800A9C42A /* kssl.h */ = {isa = PBXFileReference; lastKnownFileType = sourcecode.c.h; path = kssl.h; sourceTree = "<group>"; };
		DA5BAEEC2CD1130800A9C42A /* lhash.h */ = {isa = PBXFileReference; lastKnownFileType = sourcecode.c.h; path = lhash.h; sourceTree = "<group>"; };
		DA5BAEED2CD1130800A9C42A /* md2.h */ = {isa = PBXFileReference; lastKnownFileType = sourcecode.c.h; path = md2.h; sourceTree = "<group>"; };
		DA5BAEEE2CD1130800A9C42A /* md4.h */ = {isa = PBXFileReference; lastKnownFileType = sourcecode.c.h; path = md4.h; sourceTree = "<group>"; };
		DA5BAEEF2CD1130800A9C42A /* md5.h */ = {isa = PBXFileReference; lastKnownFileType = sourcecode.c.h; path = md5.h; sourceTree = "<group>"; };
		DA5BAEF02CD1130800A9C42A /* mdc2.h */ = {isa = PBXFileReference; lastKnownFileType = sourcecode.c.h; path = mdc2.h; sourceTree = "<group>"; };
		DA5BAEF12CD1130800A9C42A /* modes.h */ = {isa = PBXFileReference; lastKnownFileType = sourcecode.c.h; path = modes.h; sourceTree = "<group>"; };
		DA5BAEF22CD1130800A9C42A /* obj_mac.h */ = {isa = PBXFileReference; lastKnownFileType = sourcecode.c.h; path = obj_mac.h; sourceTree = "<group>"; };
		DA5BAEF32CD1130800A9C42A /* objects.h */ = {isa = PBXFileReference; lastKnownFileType = sourcecode.c.h; path = objects.h; sourceTree = "<group>"; };
		DA5BAEF42CD1130800A9C42A /* objectserr.h */ = {isa = PBXFileReference; lastKnownFileType = sourcecode.c.h; path = objectserr.h; sourceTree = "<group>"; };
		DA5BAEF52CD1130800A9C42A /* ocsp.h */ = {isa = PBXFileReference; lastKnownFileType = sourcecode.c.h; path = ocsp.h; sourceTree = "<group>"; };
		DA5BAEF62CD1130800A9C42A /* ocsperr.h */ = {isa = PBXFileReference; lastKnownFileType = sourcecode.c.h; path = ocsperr.h; sourceTree = "<group>"; };
		DA5BAEF72CD1130800A9C42A /* opensslconf.h */ = {isa = PBXFileReference; lastKnownFileType = sourcecode.c.h; path = opensslconf.h; sourceTree = "<group>"; };
		DA5BAEF82CD1130800A9C42A /* opensslconf.h.in */ = {isa = PBXFileReference; lastKnownFileType = text; path = opensslconf.h.in; sourceTree = "<group>"; };
		DA5BAEF92CD1130800A9C42A /* opensslv.h */ = {isa = PBXFileReference; lastKnownFileType = sourcecode.c.h; path = opensslv.h; sourceTree = "<group>"; };
		DA5BAEFA2CD1130800A9C42A /* ossl_typ.h */ = {isa = PBXFileReference; lastKnownFileType = sourcecode.c.h; path = ossl_typ.h; sourceTree = "<group>"; };
		DA5BAEFB2CD1130800A9C42A /* pem.h */ = {isa = PBXFileReference; lastKnownFileType = sourcecode.c.h; path = pem.h; sourceTree = "<group>"; };
		DA5BAEFC2CD1130800A9C42A /* pem2.h */ = {isa = PBXFileReference; lastKnownFileType = sourcecode.c.h; path = pem2.h; sourceTree = "<group>"; };
		DA5BAEFD2CD1130800A9C42A /* pemerr.h */ = {isa = PBXFileReference; lastKnownFileType = sourcecode.c.h; path = pemerr.h; sourceTree = "<group>"; };
		DA5BAEFE2CD1130800A9C42A /* pkcs7.h */ = {isa = PBXFileReference; lastKnownFileType = sourcecode.c.h; path = pkcs7.h; sourceTree = "<group>"; };
		DA5BAEFF2CD1130800A9C42A /* pkcs7err.h */ = {isa = PBXFileReference; lastKnownFileType = sourcecode.c.h; path = pkcs7err.h; sourceTree = "<group>"; };
		DA5BAF002CD1130800A9C42A /* pkcs12.h */ = {isa = PBXFileReference; lastKnownFileType = sourcecode.c.h; path = pkcs12.h; sourceTree = "<group>"; };
		DA5BAF012CD1130800A9C42A /* pkcs12err.h */ = {isa = PBXFileReference; lastKnownFileType = sourcecode.c.h; path = pkcs12err.h; sourceTree = "<group>"; };
		DA5BAF022CD1130800A9C42A /* pqueue.h */ = {isa = PBXFileReference; lastKnownFileType = sourcecode.c.h; path = pqueue.h; sourceTree = "<group>"; };
		DA5BAF032CD1130800A9C42A /* rand.h */ = {isa = PBXFileReference; lastKnownFileType = sourcecode.c.h; path = rand.h; sourceTree = "<group>"; };
		DA5BAF042CD1130800A9C42A /* rand_drbg.h */ = {isa = PBXFileReference; lastKnownFileType = sourcecode.c.h; path = rand_drbg.h; sourceTree = "<group>"; };
		DA5BAF052CD1130800A9C42A /* randerr.h */ = {isa = PBXFileReference; lastKnownFileType = sourcecode.c.h; path = randerr.h; sourceTree = "<group>"; };
		DA5BAF062CD1130800A9C42A /* rc2.h */ = {isa = PBXFileReference; lastKnownFileType = sourcecode.c.h; path = rc2.h; sourceTree = "<group>"; };
		DA5BAF072CD1130800A9C42A /* rc4.h */ = {isa = PBXFileReference; lastKnownFileType = sourcecode.c.h; path = rc4.h; sourceTree = "<group>"; };
		DA5BAF082CD1130800A9C42A /* rc5.h */ = {isa = PBXFileReference; lastKnownFileType = sourcecode.c.h; path = rc5.h; sourceTree = "<group>"; };
		DA5BAF092CD1130800A9C42A /* ripemd.h */ = {isa = PBXFileReference; lastKnownFileType = sourcecode.c.h; path = ripemd.h; sourceTree = "<group>"; };
		DA5BAF0A2CD1130800A9C42A /* rsa.h */ = {isa = PBXFileReference; lastKnownFileType = sourcecode.c.h; path = rsa.h; sourceTree = "<group>"; };
		DA5BAF0B2CD1130800A9C42A /* rsaerr.h */ = {isa = PBXFileReference; lastKnownFileType = sourcecode.c.h; path = rsaerr.h; sourceTree = "<group>"; };
		DA5BAF0C2CD1130800A9C42A /* safestack.h */ = {isa = PBXFileReference; lastKnownFileType = sourcecode.c.h; path = safestack.h; sourceTree = "<group>"; };
		DA5BAF0D2CD1130800A9C42A /* seed.h */ = {isa = PBXFileReference; lastKnownFileType = sourcecode.c.h; path = seed.h; sourceTree = "<group>"; };
		DA5BAF0E2CD1130800A9C42A /* sha.h */ = {isa = PBXFileReference; lastKnownFileType = sourcecode.c.h; path = sha.h; sourceTree = "<group>"; };
		DA5BAF0F2CD1130800A9C42A /* srp.h */ = {isa = PBXFileReference; lastKnownFileType = sourcecode.c.h; path = srp.h; sourceTree = "<group>"; };
		DA5BAF102CD1130800A9C42A /* srtp.h */ = {isa = PBXFileReference; lastKnownFileType = sourcecode.c.h; path = srtp.h; sourceTree = "<group>"; };
		DA5BAF112CD1130800A9C42A /* ssl.h */ = {isa = PBXFileReference; lastKnownFileType = sourcecode.c.h; path = ssl.h; sourceTree = "<group>"; };
		DA5BAF122CD1130800A9C42A /* ssl2.h */ = {isa = PBXFileReference; lastKnownFileType = sourcecode.c.h; path = ssl2.h; sourceTree = "<group>"; };
		DA5BAF132CD1130800A9C42A /* ssl3.h */ = {isa = PBXFileReference; lastKnownFileType = sourcecode.c.h; path = ssl3.h; sourceTree = "<group>"; };
		DA5BAF142CD1130800A9C42A /* ssl23.h */ = {isa = PBXFileReference; lastKnownFileType = sourcecode.c.h; path = ssl23.h; sourceTree = "<group>"; };
		DA5BAF152CD1130800A9C42A /* sslerr.h */ = {isa = PBXFileReference; lastKnownFileType = sourcecode.c.h; path = sslerr.h; sourceTree = "<group>"; };
		DA5BAF162CD1130800A9C42A /* stack.h */ = {isa = PBXFileReference; lastKnownFileType = sourcecode.c.h; path = stack.h; sourceTree = "<group>"; };
		DA5BAF172CD1130800A9C42A /* store.h */ = {isa = PBXFileReference; lastKnownFileType = sourcecode.c.h; path = store.h; sourceTree = "<group>"; };
		DA5BAF182CD1130800A9C42A /* storeerr.h */ = {isa = PBXFileReference; lastKnownFileType = sourcecode.c.h; path = storeerr.h; sourceTree = "<group>"; };
		DA5BAF192CD1130800A9C42A /* symhacks.h */ = {isa = PBXFileReference; lastKnownFileType = sourcecode.c.h; path = symhacks.h; sourceTree = "<group>"; };
		DA5BAF1A2CD1130800A9C42A /* tls1.h */ = {isa = PBXFileReference; lastKnownFileType = sourcecode.c.h; path = tls1.h; sourceTree = "<group>"; };
		DA5BAF1B2CD1130800A9C42A /* ts.h */ = {isa = PBXFileReference; lastKnownFileType = sourcecode.c.h; path = ts.h; sourceTree = "<group>"; };
		DA5BAF1C2CD1130800A9C42A /* tserr.h */ = {isa = PBXFileReference; lastKnownFileType = sourcecode.c.h; path = tserr.h; sourceTree = "<group>"; };
		DA5BAF1D2CD1130800A9C42A /* txt_db.h */ = {isa = PBXFileReference; lastKnownFileType = sourcecode.c.h; path = txt_db.h; sourceTree = "<group>"; };
		DA5BAF1E2CD1130800A9C42A /* ui.h */ = {isa = PBXFileReference; lastKnownFileType = sourcecode.c.h; path = ui.h; sourceTree = "<group>"; };
		DA5BAF1F2CD1130800A9C42A /* ui_compat.h */ = {isa = PBXFileReference; lastKnownFileType = sourcecode.c.h; path = ui_compat.h; sourceTree = "<group>"; };
		DA5BAF202CD1130800A9C42A /* uierr.h */ = {isa = PBXFileReference; lastKnownFileType = sourcecode.c.h; path = uierr.h; sourceTree = "<group>"; };
		DA5BAF212CD1130800A9C42A /* whrlpool.h */ = {isa = PBXFileReference; lastKnownFileType = sourcecode.c.h; path = whrlpool.h; sourceTree = "<group>"; };
		DA5BAF222CD1130800A9C42A /* x509.h */ = {isa = PBXFileReference; lastKnownFileType = sourcecode.c.h; path = x509.h; sourceTree = "<group>"; };
		DA5BAF232CD1130800A9C42A /* x509_vfy.h */ = {isa = PBXFileReference; lastKnownFileType = sourcecode.c.h; path = x509_vfy.h; sourceTree = "<group>"; };
		DA5BAF242CD1130800A9C42A /* x509err.h */ = {isa = PBXFileReference; lastKnownFileType = sourcecode.c.h; path = x509err.h; sourceTree = "<group>"; };
		DA5BAF252CD1130800A9C42A /* x509v3.h */ = {isa = PBXFileReference; lastKnownFileType = sourcecode.c.h; path = x509v3.h; sourceTree = "<group>"; };
		DA5BAF262CD1130800A9C42A /* x509v3err.h */ = {isa = PBXFileReference; lastKnownFileType = sourcecode.c.h; path = x509v3err.h; sourceTree = "<group>"; };
		F95B2F9F2C413AF30092D231 /* KeyTweetNacl.m */ = {isa = PBXFileReference; lastKnownFileType = sourcecode.c.objc; path = KeyTweetNacl.m; sourceTree = "<group>"; };
		F95B2FA12C413B2E0092D231 /* KeyTweetNacl.h */ = {isa = PBXFileReference; lastKnownFileType = sourcecode.c.h; path = KeyTweetNacl.h; sourceTree = "<group>"; };
		F95B2FA32C414FE60092D231 /* EdDSATest.swift */ = {isa = PBXFileReference; lastKnownFileType = sourcecode.swift; path = EdDSATest.swift; sourceTree = "<group>"; };
/* End PBXFileReference section */

/* Begin PBXFrameworksBuildPhase section */
		75A1313A296C4AAA00DCBD5A /* Frameworks */ = {
			isa = PBXFrameworksBuildPhase;
			buildActionMask = 2147483647;
			files = (
				DA52E4ED2CB5D1DD00B951DC /* libcrypto.xcframework in Frameworks */,
			);
			runOnlyForDeploymentPostprocessing = 0;
		};
		75A13144296C4AAA00DCBD5A /* Frameworks */ = {
			isa = PBXFrameworksBuildPhase;
			buildActionMask = 2147483647;
			files = (
				75A13148296C4AAA00DCBD5A /* WalletLibCrypto.framework in Frameworks */,
			);
			runOnlyForDeploymentPostprocessing = 0;
		};
/* End PBXFrameworksBuildPhase section */

/* Begin PBXGroup section */
		75A13133296C4AAA00DCBD5A = {
			isa = PBXGroup;
			children = (
				75A1313F296C4AAA00DCBD5A /* WalletLibCrypto */,
				75A1314B296C4AAA00DCBD5A /* WalletLibCryptoTests */,
				75A1313E296C4AAA00DCBD5A /* Products */,
			);
			sourceTree = "<group>";
		};
		75A1313E296C4AAA00DCBD5A /* Products */ = {
			isa = PBXGroup;
			children = (
				75A1313D296C4AAA00DCBD5A /* WalletLibCrypto.framework */,
				75A13147296C4AAA00DCBD5A /* WalletLibCryptoTests.xctest */,
			);
			name = Products;
			sourceTree = "<group>";
		};
		75A1313F296C4AAA00DCBD5A /* WalletLibCrypto */ = {
			isa = PBXGroup;
			children = (
				75AAF256296DD48400FDC626 /* HexConverter */,
				75AAF238296DC0B300FDC626 /* Scripts */,
				75AAF22D296DACEE00FDC626 /* Extensions */,
				75AAF20D296D900800FDC626 /* Encoding */,
				75AAF200296C78DF00FDC626 /* Hash */,
				75A1324A296C5BFA00DCBD5A /* OpenSSL */,
				75A13164296C591200DCBD5A /* Crypto */,
				75A13157296C4C2E00DCBD5A /* PrivateHeaders */,
				75A13140296C4AAA00DCBD5A /* WalletLibCrypto.h */,
				75A13141296C4AAA00DCBD5A /* WalletLibCrypto.docc */,
				75F7F27C296C629600DBD91A /* WalletLibCrypto.modulemap */,
			);
			path = WalletLibCrypto;
			sourceTree = "<group>";
		};
		75A1314B296C4AAA00DCBD5A /* WalletLibCryptoTests */ = {
			isa = PBXGroup;
			children = (
				F95B2FA22C414FBE0092D231 /* EdDSA */,
				75AAF259296DD58700FDC626 /* TestData */,
				75AAF24A296DCA2000FDC626 /* ECDSA */,
				75AAF243296DC8AE00FDC626 /* Encoding */,
				75AAF242296DC89E00FDC626 /* HDDerivation */,
				75AAF241296DC88700FDC626 /* KeySecp256k1 */,
			);
			path = WalletLibCryptoTests;
			sourceTree = "<group>";
		};
		75A13157296C4C2E00DCBD5A /* PrivateHeaders */ = {
			isa = PBXGroup;
			children = (
				DA5BAF272CD1130800A9C42A /* openssl */,
				75AAF1FB296C776200FDC626 /* sign.h */,
				75AAF1DC296C763900FDC626 /* blake2b.h */,
				75AAF1E3296C763900FDC626 /* curve25519-donna-32bit.h */,
				75AAF1DB296C763900FDC626 /* curve25519-donna-64bit.h */,
				75AAF1D5296C763900FDC626 /* curve25519-donna-helpers.h */,
				75AAF1DA296C763900FDC626 /* ed25519-donna-32bit-tables.h */,
				75AAF1DF296C763900FDC626 /* ed25519-donna-64bit-tables.h */,
				75AAF1D8296C763900FDC626 /* ed25519-donna-64bit-x86-32bit.h */,
				75AAF1E2296C763900FDC626 /* ed25519-donna-64bit-x86.h */,
				75AAF1DD296C763900FDC626 /* ed25519-donna-basepoint-table.h */,
				75AAF1E5296C763900FDC626 /* ed25519-donna-batchverify.h */,
				75AAF1D6296C763900FDC626 /* ed25519-donna-impl-base.h */,
				75AAF1E6296C763A00FDC626 /* ed25519-donna-portable-identify.h */,
				75AAF1DE296C763900FDC626 /* ed25519-donna-portable.h */,
				75AAF1D9296C763900FDC626 /* ed25519-donna.h */,
				75AAF1E4296C763900FDC626 /* ed25519-hash.h */,
				75AAF1E0296C763900FDC626 /* ed25519.h */,
				75AAF1E1296C763900FDC626 /* keccak-tiny.h */,
				75AAF1D7296C763900FDC626 /* modm-donna-32bit.h */,
				75AAF1E7296C763A00FDC626 /* modm-donna-64bit.h */,
				75A13158296C4C4F00DCBD5A /* Base58.h */,
				75A13159296C4CDA00DCBD5A /* Bech32.h */,
				75A1315A296C4D8E00DCBD5A /* Bignum.h */,
				75A1315B296C51F500DCBD5A /* Curve.h */,
				75A1315C296C532900DCBD5A /* ECDSA.h */,
				75A1315D296C53E300DCBD5A /* EdDSA.h */,
				75A1315E296C550200DCBD5A /* KeySecp256k1.h */,
				75A1315F296C562D00DCBD5A /* Hash.h */,
				75A13160296C576C00DCBD5A /* HexConverter.h */,
				75AAF217296D952E00FDC626 /* KeyEd25519.h */,
				75AAF21B296D997700FDC626 /* KeyType.h */,
				759435AD2B17968700895099 /* TweetNacl.h */,
				F95B2FA12C413B2E0092D231 /* KeyTweetNacl.h */,
			);
			path = PrivateHeaders;
			sourceTree = "<group>";
		};
		75A13161296C58C100DCBD5A /* Bignum */ = {
			isa = PBXGroup;
			children = (
				75A13162296C58EA00DCBD5A /* Bignum.m */,
			);
			path = Bignum;
			sourceTree = "<group>";
		};
		75A13164296C591200DCBD5A /* Crypto */ = {
			isa = PBXGroup;
			children = (
				75AAF251296DCAE900FDC626 /* Signature */,
				75AAF214296D936500FDC626 /* HDDerivation */,
				75AAF20A296D7D9300FDC626 /* Key */,
				75AAF1FD296C785A00FDC626 /* Ed25519 */,
				75AAF1D2296C744B00FDC626 /* EdDSA */,
				75AAF1CF296C656300FDC626 /* Curve */,
				75A13336296C5FD600DCBD5A /* ECDSA */,
				75A13161296C58C100DCBD5A /* Bignum */,
			);
			path = Crypto;
			sourceTree = "<group>";
		};
		75A1324A296C5BFA00DCBD5A /* OpenSSL */ = {
			isa = PBXGroup;
			children = (
				DA52E4EC2CB5D1DD00B951DC /* libcrypto.xcframework */,
			);
			path = OpenSSL;
			sourceTree = "<group>";
		};
		75A13336296C5FD600DCBD5A /* ECDSA */ = {
			isa = PBXGroup;
			children = (
				75A13337296C5FFE00DCBD5A /* ECDSA.m */,
			);
			path = ECDSA;
			sourceTree = "<group>";
		};
		75AAF1CF296C656300FDC626 /* Curve */ = {
			isa = PBXGroup;
			children = (
				75AAF1D0296C657600FDC626 /* Curve.m */,
			);
			path = Curve;
			sourceTree = "<group>";
		};
		75AAF1D2296C744B00FDC626 /* EdDSA */ = {
			isa = PBXGroup;
			children = (
				75AAF1D3296C745E00FDC626 /* EdDSA.m */,
				759435AE2B1796A200895099 /* TweetNacl.c */,
			);
			path = EdDSA;
			sourceTree = "<group>";
		};
		75AAF1FD296C785A00FDC626 /* Ed25519 */ = {
			isa = PBXGroup;
			children = (
				75AAF1FE296C789400FDC626 /* ed25519.c */,
			);
			path = Ed25519;
			sourceTree = "<group>";
		};
		75AAF200296C78DF00FDC626 /* Hash */ = {
			isa = PBXGroup;
			children = (
				75AAF207296C7B4B00FDC626 /* Keccak */,
				75AAF201296C78E600FDC626 /* Blake2b */,
				75AAF205296C79E200FDC626 /* Hash.m */,
			);
			path = Hash;
			sourceTree = "<group>";
		};
		75AAF201296C78E600FDC626 /* Blake2b */ = {
			isa = PBXGroup;
			children = (
				75AAF203296C792B00FDC626 /* blake2b.c */,
			);
			path = Blake2b;
			sourceTree = "<group>";
		};
		75AAF207296C7B4B00FDC626 /* Keccak */ = {
			isa = PBXGroup;
			children = (
				75AAF208296C7B6F00FDC626 /* keccak-tiny.c */,
			);
			path = Keccak;
			sourceTree = "<group>";
		};
		75AAF20A296D7D9300FDC626 /* Key */ = {
			isa = PBXGroup;
			children = (
				75AAF20B296D7DEA00FDC626 /* KeySecp256k1.m */,
				75AAF219296D97A800FDC626 /* KeyEd25519.m */,
				F95B2F9F2C413AF30092D231 /* KeyTweetNacl.m */,
			);
			path = Key;
			sourceTree = "<group>";
		};
		75AAF20D296D900800FDC626 /* Encoding */ = {
			isa = PBXGroup;
			children = (
				75AAF20F296D901D00FDC626 /* Bech32 */,
				75AAF20E296D901500FDC626 /* Base58 */,
			);
			path = Encoding;
			sourceTree = "<group>";
		};
		75AAF20E296D901500FDC626 /* Base58 */ = {
			isa = PBXGroup;
			children = (
				75AAF210296D905900FDC626 /* Base58.m */,
			);
			path = Base58;
			sourceTree = "<group>";
		};
		75AAF20F296D901D00FDC626 /* Bech32 */ = {
			isa = PBXGroup;
			children = (
				75AAF212296D91B400FDC626 /* Bech32.m */,
			);
			path = Bech32;
			sourceTree = "<group>";
		};
		75AAF214296D936500FDC626 /* HDDerivation */ = {
			isa = PBXGroup;
			children = (
				75AAF21D296D9BBB00FDC626 /* HDDerivation.swift */,
				75AAF21F296DA30D00FDC626 /* HDDerivationEd25519.swift */,
			);
			path = HDDerivation;
			sourceTree = "<group>";
		};
		75AAF227296DAB0400FDC626 /* Data */ = {
			isa = PBXGroup;
			children = (
				75AAF228296DAB9B00FDC626 /* Data+HEX.swift */,
				75AAF2F5296EE3FF00FDC626 /* Data+Hash.swift */,
				75AAF31D296EFFC600FDC626 /* Data+Type.swift */,
				75AAF32C296F114A00FDC626 /* Data+Base58.swift */,
			);
			path = Data;
			sourceTree = "<group>";
		};
		75AAF22A296DAC3100FDC626 /* String */ = {
			isa = PBXGroup;
			children = (
				75AAF22B296DAC7F00FDC626 /* String+Data.swift */,
				75AAF231296DAD8E00FDC626 /* String+Type.swift */,
				75AAF233296DADBD00FDC626 /* String+Components.swift */,
				75AAF2F7296EE42400FDC626 /* String+Hash.swift */,
				75AAF32A296F10A900FDC626 /* String+Base58.swift */,
			);
			path = String;
			sourceTree = "<group>";
		};
		75AAF22D296DACEE00FDC626 /* Extensions */ = {
			isa = PBXGroup;
			children = (
				75AAF235296DAE5200FDC626 /* Numeric */,
				75AAF230296DAD2900FDC626 /* Protocols */,
				75AAF22A296DAC3100FDC626 /* String */,
				75AAF227296DAB0400FDC626 /* Data */,
			);
			path = Extensions;
			sourceTree = "<group>";
		};
		75AAF230296DAD2900FDC626 /* Protocols */ = {
			isa = PBXGroup;
			children = (
				75AAF22E296DAD0700FDC626 /* DataConvertibleProtocol.swift */,
			);
			path = Protocols;
			sourceTree = "<group>";
		};
		75AAF235296DAE5200FDC626 /* Numeric */ = {
			isa = PBXGroup;
			children = (
				75AAF236296DAE6600FDC626 /* Numeric+Data.swift */,
			);
			path = Numeric;
			sourceTree = "<group>";
		};
		75AAF238296DC0B300FDC626 /* Scripts */ = {
			isa = PBXGroup;
			children = (
				75AAF239296DC0B300FDC626 /* openssl_update.sh */,
				75AAF23A296DC0B300FDC626 /* openssl_config.patch */,
			);
			path = Scripts;
			sourceTree = "<group>";
		};
		75AAF241296DC88700FDC626 /* KeySecp256k1 */ = {
			isa = PBXGroup;
			children = (
				75AAF221296DA80200FDC626 /* KeySecp256k1Test.swift */,
				75AAF225296DA9DF00FDC626 /* KeySecp256k1TestVector.swift */,
			);
			path = KeySecp256k1;
			sourceTree = "<group>";
		};
		75AAF242296DC89E00FDC626 /* HDDerivation */ = {
			isa = PBXGroup;
			children = (
				75AAF23D296DC1F800FDC626 /* HDDerivationTest.swift */,
				75AAF23F296DC24000FDC626 /* HDDerivationTestVector.swift */,
			);
			path = HDDerivation;
			sourceTree = "<group>";
		};
		75AAF243296DC8AE00FDC626 /* Encoding */ = {
			isa = PBXGroup;
			children = (
				75AAF244296DC8C600FDC626 /* Base58Test.swift */,
				75AAF248296DC9BB00FDC626 /* Base58testExpected.swift */,
				D53EB7D12BD7DDA000AD6E5A /* Base58RippleTestData.swift */,
			);
			path = Encoding;
			sourceTree = "<group>";
		};
		75AAF24A296DCA2000FDC626 /* ECDSA */ = {
			isa = PBXGroup;
			children = (
				75AAF24D296DCA5100FDC626 /* ECDSATest.swift */,
			);
			path = ECDSA;
			sourceTree = "<group>";
		};
		75AAF251296DCAE900FDC626 /* Signature */ = {
			isa = PBXGroup;
			children = (
				75AAF252296DCAFD00FDC626 /* SignatureECDSA.swift */,
				75AAF254296DD40A00FDC626 /* SignatureEdDSA.swift */,
			);
			path = Signature;
			sourceTree = "<group>";
		};
		75AAF256296DD48400FDC626 /* HexConverter */ = {
			isa = PBXGroup;
			children = (
				75AAF257296DD4AF00FDC626 /* HexConverter.m */,
			);
			path = HexConverter;
			sourceTree = "<group>";
		};
		75AAF259296DD58700FDC626 /* TestData */ = {
			isa = PBXGroup;
			children = (
				75AAF223296DA91900FDC626 /* TestData.swift */,
			);
			path = TestData;
			sourceTree = "<group>";
		};
		DA5BAF272CD1130800A9C42A /* openssl */ = {
			isa = PBXGroup;
			children = (
				DA5BAEB52CD1130800A9C42A /* __DECC_INCLUDE_EPILOGUE.H */,
				DA5BAEB62CD1130800A9C42A /* __DECC_INCLUDE_PROLOGUE.H */,
				DA5BAEB72CD1130800A9C42A /* aes.h */,
				DA5BAEB82CD1130800A9C42A /* asn1.h */,
				DA5BAEB92CD1130800A9C42A /* asn1_mac.h */,
				DA5BAEBA2CD1130800A9C42A /* asn1err.h */,
				DA5BAEBB2CD1130800A9C42A /* asn1t.h */,
				DA5BAEBC2CD1130800A9C42A /* async.h */,
				DA5BAEBD2CD1130800A9C42A /* asyncerr.h */,
				DA5BAEBE2CD1130800A9C42A /* bio.h */,
				DA5BAEBF2CD1130800A9C42A /* bioerr.h */,
				DA5BAEC02CD1130800A9C42A /* blowfish.h */,
				DA5BAEC12CD1130800A9C42A /* bn.h */,
				DA5BAEC22CD1130800A9C42A /* bnerr.h */,
				DA5BAEC32CD1130800A9C42A /* buffer.h */,
				DA5BAEC42CD1130800A9C42A /* buffererr.h */,
				DA5BAEC52CD1130800A9C42A /* camellia.h */,
				DA5BAEC62CD1130800A9C42A /* cast.h */,
				DA5BAEC72CD1130800A9C42A /* cmac.h */,
				DA5BAEC82CD1130800A9C42A /* cms.h */,
				DA5BAEC92CD1130800A9C42A /* cmserr.h */,
				DA5BAECA2CD1130800A9C42A /* comp.h */,
				DA5BAECB2CD1130800A9C42A /* comperr.h */,
				DA5BAECC2CD1130800A9C42A /* conf.h */,
				DA5BAECD2CD1130800A9C42A /* conf_api.h */,
				DA5BAECE2CD1130800A9C42A /* conferr.h */,
				DA5BAECF2CD1130800A9C42A /* crypto.h */,
				DA5BAED02CD1130800A9C42A /* cryptoerr.h */,
				DA5BAED12CD1130800A9C42A /* ct.h */,
				DA5BAED22CD1130800A9C42A /* cterr.h */,
				DA5BAED32CD1130800A9C42A /* des.h */,
				DA5BAED42CD1130800A9C42A /* des_old.h */,
				DA5BAED52CD1130800A9C42A /* dh.h */,
				DA5BAED62CD1130800A9C42A /* dherr.h */,
				DA5BAED72CD1130800A9C42A /* dsa.h */,
				DA5BAED82CD1130800A9C42A /* dsaerr.h */,
				DA5BAED92CD1130800A9C42A /* dso.h */,
				DA5BAEDA2CD1130800A9C42A /* dtls1.h */,
				DA5BAEDB2CD1130800A9C42A /* e_os2.h */,
				DA5BAEDC2CD1130800A9C42A /* ebcdic.h */,
				DA5BAEDD2CD1130800A9C42A /* ec.h */,
				DA5BAEE02CD1130800A9C42A /* ecerr.h */,
				DA5BAEE12CD1130800A9C42A /* engine.h */,
				DA5BAEE22CD1130800A9C42A /* engineerr.h */,
				DA5BAEE32CD1130800A9C42A /* err.h */,
				DA5BAEE42CD1130800A9C42A /* evp.h */,
				DA5BAEE52CD1130800A9C42A /* evperr.h */,
				DA5BAEE62CD1130800A9C42A /* hmac.h */,
				DA5BAEE72CD1130800A9C42A /* idea.h */,
				DA5BAEE82CD1130800A9C42A /* kdf.h */,
				DA5BAEE92CD1130800A9C42A /* kdferr.h */,
				DA5BAEEA2CD1130800A9C42A /* krb5_asn.h */,
				DA5BAEEB2CD1130800A9C42A /* kssl.h */,
				DA5BAEEC2CD1130800A9C42A /* lhash.h */,
				DA5BAEED2CD1130800A9C42A /* md2.h */,
				DA5BAEEE2CD1130800A9C42A /* md4.h */,
				DA5BAEEF2CD1130800A9C42A /* md5.h */,
				DA5BAEF02CD1130800A9C42A /* mdc2.h */,
				DA5BAEF12CD1130800A9C42A /* modes.h */,
				DA5BAEF22CD1130800A9C42A /* obj_mac.h */,
				DA5BAEF32CD1130800A9C42A /* objects.h */,
				DA5BAEF42CD1130800A9C42A /* objectserr.h */,
				DA5BAEF52CD1130800A9C42A /* ocsp.h */,
				DA5BAEF62CD1130800A9C42A /* ocsperr.h */,
				DA5BAEF72CD1130800A9C42A /* opensslconf.h */,
				DA5BAEF82CD1130800A9C42A /* opensslconf.h.in */,
				DA5BAEF92CD1130800A9C42A /* opensslv.h */,
				DA5BAEFA2CD1130800A9C42A /* ossl_typ.h */,
				DA5BAEFB2CD1130800A9C42A /* pem.h */,
				DA5BAEFC2CD1130800A9C42A /* pem2.h */,
				DA5BAEFD2CD1130800A9C42A /* pemerr.h */,
				DA5BAEFE2CD1130800A9C42A /* pkcs7.h */,
				DA5BAEFF2CD1130800A9C42A /* pkcs7err.h */,
				DA5BAF002CD1130800A9C42A /* pkcs12.h */,
				DA5BAF012CD1130800A9C42A /* pkcs12err.h */,
				DA5BAF022CD1130800A9C42A /* pqueue.h */,
				DA5BAF032CD1130800A9C42A /* rand.h */,
				DA5BAF042CD1130800A9C42A /* rand_drbg.h */,
				DA5BAF052CD1130800A9C42A /* randerr.h */,
				DA5BAF062CD1130800A9C42A /* rc2.h */,
				DA5BAF072CD1130800A9C42A /* rc4.h */,
				DA5BAF082CD1130800A9C42A /* rc5.h */,
				DA5BAF092CD1130800A9C42A /* ripemd.h */,
				DA5BAF0A2CD1130800A9C42A /* rsa.h */,
				DA5BAF0B2CD1130800A9C42A /* rsaerr.h */,
				DA5BAF0C2CD1130800A9C42A /* safestack.h */,
				DA5BAF0D2CD1130800A9C42A /* seed.h */,
				DA5BAF0E2CD1130800A9C42A /* sha.h */,
				DA5BAF0F2CD1130800A9C42A /* srp.h */,
				DA5BAF102CD1130800A9C42A /* srtp.h */,
				DA5BAF112CD1130800A9C42A /* ssl.h */,
				DA5BAF122CD1130800A9C42A /* ssl2.h */,
				DA5BAF132CD1130800A9C42A /* ssl3.h */,
				DA5BAF142CD1130800A9C42A /* ssl23.h */,
				DA5BAF152CD1130800A9C42A /* sslerr.h */,
				DA5BAF162CD1130800A9C42A /* stack.h */,
				DA5BAF172CD1130800A9C42A /* store.h */,
				DA5BAF182CD1130800A9C42A /* storeerr.h */,
				DA5BAF192CD1130800A9C42A /* symhacks.h */,
				DA5BAF1A2CD1130800A9C42A /* tls1.h */,
				DA5BAF1B2CD1130800A9C42A /* ts.h */,
				DA5BAF1C2CD1130800A9C42A /* tserr.h */,
				DA5BAF1D2CD1130800A9C42A /* txt_db.h */,
				DA5BAF1E2CD1130800A9C42A /* ui.h */,
				DA5BAF1F2CD1130800A9C42A /* ui_compat.h */,
				DA5BAF202CD1130800A9C42A /* uierr.h */,
				DA5BAF212CD1130800A9C42A /* whrlpool.h */,
				DA5BAF222CD1130800A9C42A /* x509.h */,
				DA5BAF232CD1130800A9C42A /* x509_vfy.h */,
				DA5BAF242CD1130800A9C42A /* x509err.h */,
				DA5BAF252CD1130800A9C42A /* x509v3.h */,
				DA5BAF262CD1130800A9C42A /* x509v3err.h */,
			);
			path = openssl;
			sourceTree = "<group>";
		};
		F95B2FA22C414FBE0092D231 /* EdDSA */ = {
			isa = PBXGroup;
			children = (
				F95B2FA32C414FE60092D231 /* EdDSATest.swift */,
			);
			path = EdDSA;
			sourceTree = "<group>";
		};
/* End PBXGroup section */

/* Begin PBXHeadersBuildPhase section */
		75A13138296C4AAA00DCBD5A /* Headers */ = {
			isa = PBXHeadersBuildPhase;
			buildActionMask = 2147483647;
			files = (
				75A1333F296C60C800DCBD5A /* Hash.h in Headers */,
				75AAF1EF296C763A00FDC626 /* blake2b.h in Headers */,
				75AAF1F2296C763A00FDC626 /* ed25519-donna-64bit-tables.h in Headers */,
				75AAF1F5296C763A00FDC626 /* ed25519-donna-64bit-x86.h in Headers */,
				75AAF1F7296C763A00FDC626 /* ed25519-hash.h in Headers */,
				75AAF1F1296C763A00FDC626 /* ed25519-donna-portable.h in Headers */,
				75A1333E296C60C800DCBD5A /* EdDSA.h in Headers */,
				75AAF1FC296C776200FDC626 /* sign.h in Headers */,
				75AAF21C296D99B300FDC626 /* KeyType.h in Headers */,
				75AAF1F8296C763A00FDC626 /* ed25519-donna-batchverify.h in Headers */,
				75AAF1ED296C763A00FDC626 /* ed25519-donna-32bit-tables.h in Headers */,
				75AAF1F9296C763A00FDC626 /* ed25519-donna-portable-identify.h in Headers */,
				75AAF1F0296C763A00FDC626 /* ed25519-donna-basepoint-table.h in Headers */,
				75A1333A296C60C800DCBD5A /* ECDSA.h in Headers */,
				75AAF1EC296C763A00FDC626 /* ed25519-donna.h in Headers */,
				75A13340296C60C800DCBD5A /* Bignum.h in Headers */,
				75AAF1F3296C763A00FDC626 /* ed25519.h in Headers */,
				F95B2FA52C41511F0092D231 /* KeyTweetNacl.h in Headers */,
				75A1333B296C60C800DCBD5A /* Bech32.h in Headers */,
				75AAF1FA296C763A00FDC626 /* modm-donna-64bit.h in Headers */,
				DA5BAF292CD1130800A9C42A /* store.h in Headers */,
				DA5BAF2A2CD1130800A9C42A /* x509v3err.h in Headers */,
				DA5BAF2B2CD1130800A9C42A /* idea.h in Headers */,
				DA5BAF2C2CD1130800A9C42A /* symhacks.h in Headers */,
				DA5BAF2D2CD1130800A9C42A /* opensslv.h in Headers */,
				DA5BAF2E2CD1130800A9C42A /* krb5_asn.h in Headers */,
				DA5BAF2F2CD1130800A9C42A /* modes.h in Headers */,
				DA5BAF302CD1130800A9C42A /* srp.h in Headers */,
				DA5BAF312CD1130800A9C42A /* bnerr.h in Headers */,
				DA5BAF322CD1130800A9C42A /* stack.h in Headers */,
				DA5BAF332CD1130800A9C42A /* rand.h in Headers */,
				DA5BAF342CD1130800A9C42A /* ssl2.h in Headers */,
				DA5BAF352CD1130800A9C42A /* storeerr.h in Headers */,
				DA5BAF362CD1130800A9C42A /* engineerr.h in Headers */,
				DA5BAF372CD1130800A9C42A /* dtls1.h in Headers */,
				DA5BAF392CD1130800A9C42A /* rc4.h in Headers */,
				DA5BAF3A2CD1130800A9C42A /* __DECC_INCLUDE_PROLOGUE.H in Headers */,
				DA5BAF3B2CD1130800A9C42A /* opensslconf.h in Headers */,
				DA5BAF3C2CD1130800A9C42A /* lhash.h in Headers */,
				DA5BAF3D2CD1130800A9C42A /* ec.h in Headers */,
				DA5BAF3E2CD1130800A9C42A /* conf_api.h in Headers */,
				DA5BAF3F2CD1130800A9C42A /* asn1_mac.h in Headers */,
				DA5BAF402CD1130800A9C42A /* x509err.h in Headers */,
				DA5BAF412CD1130800A9C42A /* evp.h in Headers */,
				DA5BAF422CD1130800A9C42A /* buffer.h in Headers */,
				DA5BAF432CD1130800A9C42A /* uierr.h in Headers */,
				DA5BAF442CD1130800A9C42A /* cterr.h in Headers */,
				DA5BAF452CD1130800A9C42A /* e_os2.h in Headers */,
				DA5BAF462CD1130800A9C42A /* crypto.h in Headers */,
				DA5BAF472CD1130800A9C42A /* des.h in Headers */,
				DA5BAF482CD1130800A9C42A /* asn1t.h in Headers */,
				DA5BAF492CD1130800A9C42A /* rc2.h in Headers */,
				DA5BAF4A2CD1130800A9C42A /* __DECC_INCLUDE_EPILOGUE.H in Headers */,
				DA5BAF4B2CD1130800A9C42A /* pkcs12.h in Headers */,
				DA5BAF4C2CD1130800A9C42A /* md5.h in Headers */,
				DA5BAF4D2CD1130800A9C42A /* ossl_typ.h in Headers */,
				DA5BAF4E2CD1130800A9C42A /* comperr.h in Headers */,
				DA5BAF4F2CD1130800A9C42A /* x509_vfy.h in Headers */,
				DA5BAF502CD1130800A9C42A /* err.h in Headers */,
				DA5BAF512CD1130800A9C42A /* evperr.h in Headers */,
				DA5BAF522CD1130800A9C42A /* ebcdic.h in Headers */,
				DA5BAF532CD1130800A9C42A /* dsa.h in Headers */,
				DA5BAF542CD1130800A9C42A /* rc5.h in Headers */,
				DA5BAF552CD1130800A9C42A /* conferr.h in Headers */,
				DA5BAF562CD1130800A9C42A /* cmserr.h in Headers */,
				DA5BAF572CD1130800A9C42A /* safestack.h in Headers */,
				DA5BAF582CD1130800A9C42A /* engine.h in Headers */,
				DA5BAF592CD1130800A9C42A /* pemerr.h in Headers */,
				DA5BAF5A2CD1130800A9C42A /* randerr.h in Headers */,
				DA5BAF5B2CD1130800A9C42A /* dh.h in Headers */,
				DA5BAF5C2CD1130800A9C42A /* cmac.h in Headers */,
				DA5BAF5D2CD1130800A9C42A /* x509v3.h in Headers */,
				DA5BAF5E2CD1130800A9C42A /* pem2.h in Headers */,
				DA5BAF5F2CD1130800A9C42A /* ocsp.h in Headers */,
				DA5BAF602CD1130800A9C42A /* obj_mac.h in Headers */,
				DA5BAF612CD1130800A9C42A /* sha.h in Headers */,
				DA5BAF622CD1130800A9C42A /* tserr.h in Headers */,
				DA5BAF632CD1130800A9C42A /* rsa.h in Headers */,
				DA5BAF642CD1130800A9C42A /* asn1err.h in Headers */,
				DA5BAF652CD1130800A9C42A /* ocsperr.h in Headers */,
				DA5BAF662CD1130800A9C42A /* x509.h in Headers */,
				DA5BAF672CD1130800A9C42A /* blowfish.h in Headers */,
				DA5BAF682CD1130800A9C42A /* md2.h in Headers */,
				DA5BAF692CD1130800A9C42A /* ssl.h in Headers */,
				DA5BAF6A2CD1130800A9C42A /* pqueue.h in Headers */,
				DA5BAF6B2CD1130800A9C42A /* ui_compat.h in Headers */,
				DA5BAF6C2CD1130800A9C42A /* dsaerr.h in Headers */,
				DA5BAF6D2CD1130800A9C42A /* bn.h in Headers */,
				DA5BAF6E2CD1130800A9C42A /* mdc2.h in Headers */,
				DA5BAF6F2CD1130800A9C42A /* objects.h in Headers */,
				DA5BAF702CD1130800A9C42A /* md4.h in Headers */,
				DA5BAF712CD1130800A9C42A /* kssl.h in Headers */,
				DA5BAF722CD1130800A9C42A /* pkcs12err.h in Headers */,
				DA5BAF732CD1130800A9C42A /* buffererr.h in Headers */,
				DA5BAF742CD1130800A9C42A /* conf.h in Headers */,
				DA5BAF752CD1130800A9C42A /* tls1.h in Headers */,
				DA5BAF762CD1130800A9C42A /* seed.h in Headers */,
				DA5BAF772CD1130800A9C42A /* ssl3.h in Headers */,
				DA5BAF792CD1130800A9C42A /* asyncerr.h in Headers */,
				DA5BAF7A2CD1130800A9C42A /* comp.h in Headers */,
				DA5BAF7B2CD1130800A9C42A /* ct.h in Headers */,
				DA5BAF7C2CD1130800A9C42A /* bioerr.h in Headers */,
				DA5BAF7D2CD1130800A9C42A /* aes.h in Headers */,
				DA5BAF7E2CD1130800A9C42A /* rand_drbg.h in Headers */,
				DA5BAF7F2CD1130800A9C42A /* kdferr.h in Headers */,
				DA5BAF802CD1130800A9C42A /* camellia.h in Headers */,
				DA5BAF812CD1130800A9C42A /* objectserr.h in Headers */,
				DA5BAF822CD1130800A9C42A /* kdf.h in Headers */,
				DA5BAF832CD1130800A9C42A /* ecerr.h in Headers */,
				DA5BAF842CD1130800A9C42A /* ui.h in Headers */,
				DA5BAF852CD1130800A9C42A /* pkcs7.h in Headers */,
				DA5BAF862CD1130800A9C42A /* pem.h in Headers */,
				DA5BAF872CD1130800A9C42A /* hmac.h in Headers */,
				DA5BAF882CD1130800A9C42A /* pkcs7err.h in Headers */,
				DA5BAF892CD1130800A9C42A /* cast.h in Headers */,
				DA5BAF8A2CD1130800A9C42A /* ts.h in Headers */,
				DA5BAF8B2CD1130800A9C42A /* dherr.h in Headers */,
				DA5BAF8C2CD1130800A9C42A /* bio.h in Headers */,
				DA5BAF8D2CD1130800A9C42A /* ssl23.h in Headers */,
				DA5BAF8E2CD1130800A9C42A /* async.h in Headers */,
				DA5BAF8F2CD1130800A9C42A /* dso.h in Headers */,
				DA5BAF902CD1130800A9C42A /* txt_db.h in Headers */,
				DA5BAF912CD1130800A9C42A /* des_old.h in Headers */,
				DA5BAF922CD1130800A9C42A /* srtp.h in Headers */,
				DA5BAF932CD1130800A9C42A /* asn1.h in Headers */,
				DA5BAF942CD1130800A9C42A /* rsaerr.h in Headers */,
				DA5BAF952CD1130800A9C42A /* ripemd.h in Headers */,
				DA5BAF962CD1130800A9C42A /* cms.h in Headers */,
				DA5BAF972CD1130800A9C42A /* cryptoerr.h in Headers */,
				DA5BAF982CD1130800A9C42A /* whrlpool.h in Headers */,
				DA5BAF992CD1130800A9C42A /* sslerr.h in Headers */,
				75AAF1EB296C763A00FDC626 /* ed25519-donna-64bit-x86-32bit.h in Headers */,
				75AAF1F6296C763A00FDC626 /* curve25519-donna-32bit.h in Headers */,
				75A13341296C60C800DCBD5A /* Base58.h in Headers */,
				75AAF218296D953400FDC626 /* KeyEd25519.h in Headers */,
				75A1333D296C60C800DCBD5A /* HexConverter.h in Headers */,
				75AAF1E8296C763A00FDC626 /* curve25519-donna-helpers.h in Headers */,
				75AAF1F4296C763A00FDC626 /* keccak-tiny.h in Headers */,
				75AAF1E9296C763A00FDC626 /* ed25519-donna-impl-base.h in Headers */,
				75AAF1EE296C763A00FDC626 /* curve25519-donna-64bit.h in Headers */,
				75A13339296C60C800DCBD5A /* Curve.h in Headers */,
				75A1314E296C4AAA00DCBD5A /* WalletLibCrypto.h in Headers */,
				75AAF1EA296C763A00FDC626 /* modm-donna-32bit.h in Headers */,
				75A1333C296C60C800DCBD5A /* KeySecp256k1.h in Headers */,
				759435B02B1797AD00895099 /* TweetNacl.h in Headers */,
			);
			runOnlyForDeploymentPostprocessing = 0;
		};
/* End PBXHeadersBuildPhase section */

/* Begin PBXNativeTarget section */
		75A1313C296C4AAA00DCBD5A /* WalletLibCrypto */ = {
			isa = PBXNativeTarget;
			buildConfigurationList = 75A13151296C4AAA00DCBD5A /* Build configuration list for PBXNativeTarget "WalletLibCrypto" */;
			buildPhases = (
				75A13138296C4AAA00DCBD5A /* Headers */,
				75A13139296C4AAA00DCBD5A /* Sources */,
				75A1313A296C4AAA00DCBD5A /* Frameworks */,
				75A1313B296C4AAA00DCBD5A /* Resources */,
			);
			buildRules = (
			);
			dependencies = (
			);
			name = WalletLibCrypto;
			productName = WalletLibCrypto;
			productReference = 75A1313D296C4AAA00DCBD5A /* WalletLibCrypto.framework */;
			productType = "com.apple.product-type.framework";
		};
		75A13146296C4AAA00DCBD5A /* WalletLibCryptoTests */ = {
			isa = PBXNativeTarget;
			buildConfigurationList = 75A13154296C4AAA00DCBD5A /* Build configuration list for PBXNativeTarget "WalletLibCryptoTests" */;
			buildPhases = (
				75A13143296C4AAA00DCBD5A /* Sources */,
				75A13144296C4AAA00DCBD5A /* Frameworks */,
				75A13145296C4AAA00DCBD5A /* Resources */,
			);
			buildRules = (
			);
			dependencies = (
				75A1314A296C4AAA00DCBD5A /* PBXTargetDependency */,
			);
			name = WalletLibCryptoTests;
			productName = WalletLibCryptoTests;
			productReference = 75A13147296C4AAA00DCBD5A /* WalletLibCryptoTests.xctest */;
			productType = "com.apple.product-type.bundle.unit-test";
		};
/* End PBXNativeTarget section */

/* Begin PBXProject section */
		75A13134296C4AAA00DCBD5A /* Project object */ = {
			isa = PBXProject;
			attributes = {
				BuildIndependentTargetsInParallel = 1;
				LastSwiftUpdateCheck = 1400;
				LastUpgradeCheck = 1400;
				TargetAttributes = {
					75A1313C296C4AAA00DCBD5A = {
						CreatedOnToolsVersion = 14.0.1;
						LastSwiftMigration = 1400;
					};
					75A13146296C4AAA00DCBD5A = {
						CreatedOnToolsVersion = 14.0.1;
					};
				};
			};
			buildConfigurationList = 75A13137296C4AAA00DCBD5A /* Build configuration list for PBXProject "WalletLibCrypto" */;
			compatibilityVersion = "Xcode 14.0";
			developmentRegion = en;
			hasScannedForEncodings = 0;
			knownRegions = (
				en,
				Base,
			);
			mainGroup = 75A13133296C4AAA00DCBD5A;
			productRefGroup = 75A1313E296C4AAA00DCBD5A /* Products */;
			projectDirPath = "";
			projectRoot = "";
			targets = (
				75A1313C296C4AAA00DCBD5A /* WalletLibCrypto */,
				75A13146296C4AAA00DCBD5A /* WalletLibCryptoTests */,
			);
		};
/* End PBXProject section */

/* Begin PBXResourcesBuildPhase section */
		75A1313B296C4AAA00DCBD5A /* Resources */ = {
			isa = PBXResourcesBuildPhase;
			buildActionMask = 2147483647;
			files = (
				DA5BAF282CD1130800A9C42A /* opensslconf.h.in in Resources */,
				75AAF23C296DC0B300FDC626 /* openssl_config.patch in Resources */,
				75AAF23B296DC0B300FDC626 /* openssl_update.sh in Resources */,
			);
			runOnlyForDeploymentPostprocessing = 0;
		};
		75A13145296C4AAA00DCBD5A /* Resources */ = {
			isa = PBXResourcesBuildPhase;
			buildActionMask = 2147483647;
			files = (
			);
			runOnlyForDeploymentPostprocessing = 0;
		};
/* End PBXResourcesBuildPhase section */

/* Begin PBXSourcesBuildPhase section */
		75A13139296C4AAA00DCBD5A /* Sources */ = {
			isa = PBXSourcesBuildPhase;
			buildActionMask = 2147483647;
			files = (
				75AAF2F6296EE3FF00FDC626 /* Data+Hash.swift in Sources */,
				75A13338296C5FFE00DCBD5A /* ECDSA.m in Sources */,
				75AAF253296DCAFD00FDC626 /* SignatureECDSA.swift in Sources */,
				75AAF22F296DAD0700FDC626 /* DataConvertibleProtocol.swift in Sources */,
				75AAF220296DA30D00FDC626 /* HDDerivationEd25519.swift in Sources */,
				75AAF204296C792B00FDC626 /* blake2b.c in Sources */,
				75AAF229296DAB9B00FDC626 /* Data+HEX.swift in Sources */,
				75AAF21A296D97A800FDC626 /* KeyEd25519.m in Sources */,
				75AAF209296C7B6F00FDC626 /* keccak-tiny.c in Sources */,
				75AAF1D4296C745E00FDC626 /* EdDSA.m in Sources */,
				75A13142296C4AAA00DCBD5A /* WalletLibCrypto.docc in Sources */,
				75AAF21E296D9BBB00FDC626 /* HDDerivation.swift in Sources */,
				75AAF237296DAE6600FDC626 /* Numeric+Data.swift in Sources */,
				75A13163296C58EA00DCBD5A /* Bignum.m in Sources */,
				75AAF213296D91B400FDC626 /* Bech32.m in Sources */,
				75AAF258296DD4AF00FDC626 /* HexConverter.m in Sources */,
				F95B2FA02C413AF30092D231 /* KeyTweetNacl.m in Sources */,
				75AAF32B296F10A900FDC626 /* String+Base58.swift in Sources */,
				75AAF2F8296EE42400FDC626 /* String+Hash.swift in Sources */,
				75AAF206296C79E200FDC626 /* Hash.m in Sources */,
				75AAF32D296F114A00FDC626 /* Data+Base58.swift in Sources */,
				75AAF232296DAD8E00FDC626 /* String+Type.swift in Sources */,
				75AAF1D1296C657600FDC626 /* Curve.m in Sources */,
				75AAF1FF296C789400FDC626 /* ed25519.c in Sources */,
				75AAF22C296DAC7F00FDC626 /* String+Data.swift in Sources */,
				75AAF20C296D7DEA00FDC626 /* KeySecp256k1.m in Sources */,
				75AAF255296DD40A00FDC626 /* SignatureEdDSA.swift in Sources */,
				75AAF234296DADBD00FDC626 /* String+Components.swift in Sources */,
				759435AF2B1796A200895099 /* TweetNacl.c in Sources */,
				75AAF31E296EFFC600FDC626 /* Data+Type.swift in Sources */,
				75AAF211296D905900FDC626 /* Base58.m in Sources */,
			);
			runOnlyForDeploymentPostprocessing = 0;
		};
		75A13143296C4AAA00DCBD5A /* Sources */ = {
			isa = PBXSourcesBuildPhase;
			buildActionMask = 2147483647;
			files = (
				75AAF226296DA9DF00FDC626 /* KeySecp256k1TestVector.swift in Sources */,
				D53EB7D22BD7DDA000AD6E5A /* Base58RippleTestData.swift in Sources */,
				75AAF224296DA91900FDC626 /* TestData.swift in Sources */,
				75AAF24E296DCA5100FDC626 /* ECDSATest.swift in Sources */,
				75AAF23E296DC1F800FDC626 /* HDDerivationTest.swift in Sources */,
				75AAF245296DC8C600FDC626 /* Base58Test.swift in Sources */,
				75AAF249296DC9BB00FDC626 /* Base58testExpected.swift in Sources */,
				75AAF240296DC24000FDC626 /* HDDerivationTestVector.swift in Sources */,
				75AAF222296DA80200FDC626 /* KeySecp256k1Test.swift in Sources */,
				F95B2FA42C414FE60092D231 /* EdDSATest.swift in Sources */,
			);
			runOnlyForDeploymentPostprocessing = 0;
		};
/* End PBXSourcesBuildPhase section */

/* Begin PBXTargetDependency section */
		75A1314A296C4AAA00DCBD5A /* PBXTargetDependency */ = {
			isa = PBXTargetDependency;
			target = 75A1313C296C4AAA00DCBD5A /* WalletLibCrypto */;
			targetProxy = 75A13149296C4AAA00DCBD5A /* PBXContainerItemProxy */;
		};
/* End PBXTargetDependency section */

/* Begin XCBuildConfiguration section */
		75A1314F296C4AAA00DCBD5A /* Debug */ = {
			isa = XCBuildConfiguration;
			buildSettings = {
				ALWAYS_SEARCH_USER_PATHS = NO;
				CLANG_ANALYZER_NONNULL = YES;
				CLANG_ANALYZER_NUMBER_OBJECT_CONVERSION = YES_AGGRESSIVE;
				CLANG_CXX_LANGUAGE_STANDARD = "gnu++20";
				CLANG_ENABLE_MODULES = YES;
				CLANG_ENABLE_OBJC_ARC = YES;
				CLANG_ENABLE_OBJC_WEAK = YES;
				CLANG_WARN_BLOCK_CAPTURE_AUTORELEASING = YES;
				CLANG_WARN_BOOL_CONVERSION = YES;
				CLANG_WARN_COMMA = YES;
				CLANG_WARN_CONSTANT_CONVERSION = YES;
				CLANG_WARN_DEPRECATED_OBJC_IMPLEMENTATIONS = YES;
				CLANG_WARN_DIRECT_OBJC_ISA_USAGE = YES_ERROR;
				CLANG_WARN_DOCUMENTATION_COMMENTS = YES;
				CLANG_WARN_EMPTY_BODY = YES;
				CLANG_WARN_ENUM_CONVERSION = YES;
				CLANG_WARN_INFINITE_RECURSION = YES;
				CLANG_WARN_INT_CONVERSION = YES;
				CLANG_WARN_NON_LITERAL_NULL_CONVERSION = YES;
				CLANG_WARN_OBJC_IMPLICIT_RETAIN_SELF = YES;
				CLANG_WARN_OBJC_LITERAL_CONVERSION = YES;
				CLANG_WARN_OBJC_ROOT_CLASS = YES_ERROR;
				CLANG_WARN_QUOTED_INCLUDE_IN_FRAMEWORK_HEADER = YES;
				CLANG_WARN_RANGE_LOOP_ANALYSIS = YES;
				CLANG_WARN_STRICT_PROTOTYPES = YES;
				CLANG_WARN_SUSPICIOUS_MOVE = YES;
				CLANG_WARN_UNGUARDED_AVAILABILITY = YES_AGGRESSIVE;
				CLANG_WARN_UNREACHABLE_CODE = YES;
				CLANG_WARN__DUPLICATE_METHOD_MATCH = YES;
				COPY_PHASE_STRIP = NO;
				CURRENT_PROJECT_VERSION = 1;
				DEBUG_INFORMATION_FORMAT = dwarf;
				ENABLE_STRICT_OBJC_MSGSEND = YES;
				ENABLE_TESTABILITY = YES;
				"EXCLUDED_ARCHS[sdk=iphonesimulator*]" = arm64;
				GCC_C_LANGUAGE_STANDARD = gnu11;
				GCC_DYNAMIC_NO_PIC = NO;
				GCC_NO_COMMON_BLOCKS = YES;
				GCC_OPTIMIZATION_LEVEL = 0;
				GCC_PREPROCESSOR_DEFINITIONS = (
					"DEBUG=1",
					"$(inherited)",
				);
				GCC_WARN_64_TO_32_BIT_CONVERSION = YES;
				GCC_WARN_ABOUT_RETURN_TYPE = YES_ERROR;
				GCC_WARN_UNDECLARED_SELECTOR = YES;
				GCC_WARN_UNINITIALIZED_AUTOS = YES_AGGRESSIVE;
				GCC_WARN_UNUSED_FUNCTION = YES;
				GCC_WARN_UNUSED_VARIABLE = YES;
				HEADER_SEARCH_PATHS = "$(SRCROOT)/WalletLibCrypto/PrivateHeaders";
				IPHONEOS_DEPLOYMENT_TARGET = 16.0;
				MODULEMAP_FILE = WalletLibCrypto.modulemap;
				MTL_ENABLE_DEBUG_INFO = INCLUDE_SOURCE;
				MTL_FAST_MATH = YES;
				ONLY_ACTIVE_ARCH = YES;
				SDKROOT = iphoneos;
				SWIFT_ACTIVE_COMPILATION_CONDITIONS = DEBUG;
				SWIFT_OPTIMIZATION_LEVEL = "-Onone";
				VERSIONING_SYSTEM = "apple-generic";
				VERSION_INFO_PREFIX = "";
			};
			name = Debug;
		};
		75A13150296C4AAA00DCBD5A /* Release */ = {
			isa = XCBuildConfiguration;
			buildSettings = {
				ALWAYS_SEARCH_USER_PATHS = NO;
				CLANG_ANALYZER_NONNULL = YES;
				CLANG_ANALYZER_NUMBER_OBJECT_CONVERSION = YES_AGGRESSIVE;
				CLANG_CXX_LANGUAGE_STANDARD = "gnu++20";
				CLANG_ENABLE_MODULES = YES;
				CLANG_ENABLE_OBJC_ARC = YES;
				CLANG_ENABLE_OBJC_WEAK = YES;
				CLANG_WARN_BLOCK_CAPTURE_AUTORELEASING = YES;
				CLANG_WARN_BOOL_CONVERSION = YES;
				CLANG_WARN_COMMA = YES;
				CLANG_WARN_CONSTANT_CONVERSION = YES;
				CLANG_WARN_DEPRECATED_OBJC_IMPLEMENTATIONS = YES;
				CLANG_WARN_DIRECT_OBJC_ISA_USAGE = YES_ERROR;
				CLANG_WARN_DOCUMENTATION_COMMENTS = YES;
				CLANG_WARN_EMPTY_BODY = YES;
				CLANG_WARN_ENUM_CONVERSION = YES;
				CLANG_WARN_INFINITE_RECURSION = YES;
				CLANG_WARN_INT_CONVERSION = YES;
				CLANG_WARN_NON_LITERAL_NULL_CONVERSION = YES;
				CLANG_WARN_OBJC_IMPLICIT_RETAIN_SELF = YES;
				CLANG_WARN_OBJC_LITERAL_CONVERSION = YES;
				CLANG_WARN_OBJC_ROOT_CLASS = YES_ERROR;
				CLANG_WARN_QUOTED_INCLUDE_IN_FRAMEWORK_HEADER = YES;
				CLANG_WARN_RANGE_LOOP_ANALYSIS = YES;
				CLANG_WARN_STRICT_PROTOTYPES = YES;
				CLANG_WARN_SUSPICIOUS_MOVE = YES;
				CLANG_WARN_UNGUARDED_AVAILABILITY = YES_AGGRESSIVE;
				CLANG_WARN_UNREACHABLE_CODE = YES;
				CLANG_WARN__DUPLICATE_METHOD_MATCH = YES;
				COPY_PHASE_STRIP = NO;
				CURRENT_PROJECT_VERSION = 1;
				DEBUG_INFORMATION_FORMAT = "dwarf-with-dsym";
				ENABLE_NS_ASSERTIONS = NO;
				ENABLE_STRICT_OBJC_MSGSEND = YES;
				GCC_C_LANGUAGE_STANDARD = gnu11;
				GCC_NO_COMMON_BLOCKS = YES;
				GCC_WARN_64_TO_32_BIT_CONVERSION = YES;
				GCC_WARN_ABOUT_RETURN_TYPE = YES_ERROR;
				GCC_WARN_UNDECLARED_SELECTOR = YES;
				GCC_WARN_UNINITIALIZED_AUTOS = YES_AGGRESSIVE;
				GCC_WARN_UNUSED_FUNCTION = YES;
				GCC_WARN_UNUSED_VARIABLE = YES;
				HEADER_SEARCH_PATHS = "$(SRCROOT)/WalletLibCrypto/PrivateHeaders";
				IPHONEOS_DEPLOYMENT_TARGET = 16.0;
				MODULEMAP_FILE = WalletLibCrypto.modulemap;
				MTL_ENABLE_DEBUG_INFO = NO;
				MTL_FAST_MATH = YES;
				SDKROOT = iphoneos;
				SWIFT_COMPILATION_MODE = wholemodule;
				SWIFT_OPTIMIZATION_LEVEL = "-O";
				VALIDATE_PRODUCT = YES;
				VERSIONING_SYSTEM = "apple-generic";
				VERSION_INFO_PREFIX = "";
			};
			name = Release;
		};
		75A13152296C4AAA00DCBD5A /* Debug */ = {
			isa = XCBuildConfiguration;
			buildSettings = {
				CLANG_ENABLE_MODULES = YES;
				CLANG_WARN_QUOTED_INCLUDE_IN_FRAMEWORK_HEADER = NO;
				CODE_SIGN_STYLE = Automatic;
				CURRENT_PROJECT_VERSION = 1;
				DEFINES_MODULE = YES;
				DYLIB_COMPATIBILITY_VERSION = 1;
				DYLIB_CURRENT_VERSION = 1;
				DYLIB_INSTALL_NAME_BASE = "@rpath";
				GCC_WARN_UNUSED_FUNCTION = NO;
				GENERATE_INFOPLIST_FILE = YES;
				HEADER_SEARCH_PATHS = "$(inherited)";
				INFOPLIST_KEY_NSHumanReadableCopyright = "";
				INSTALL_PATH = "$(LOCAL_LIBRARY_DIR)/Frameworks";
				LD_RUNPATH_SEARCH_PATHS = (
					"$(inherited)",
					"@executable_path/Frameworks",
					"@loader_path/Frameworks",
				);
				LIBRARY_SEARCH_PATHS = "$(inherited)";
				MARKETING_VERSION = 1.0;
				MODULEMAP_FILE = WalletLibCrypto/WalletLibCrypto.modulemap;
				PRODUCT_BUNDLE_IDENTIFIER = "com.wallet-lib-crypto.WalletLibCrypto";
				PRODUCT_NAME = "$(TARGET_NAME:c99extidentifier)";
				SKIP_INSTALL = YES;
				SWIFT_EMIT_LOC_STRINGS = YES;
				SWIFT_OPTIMIZATION_LEVEL = "-Onone";
				SWIFT_VERSION = 5.0;
				TARGETED_DEVICE_FAMILY = "1,2";
			};
			name = Debug;
		};
		75A13153296C4AAA00DCBD5A /* Release */ = {
			isa = XCBuildConfiguration;
			buildSettings = {
				CLANG_ENABLE_MODULES = YES;
				CLANG_WARN_QUOTED_INCLUDE_IN_FRAMEWORK_HEADER = NO;
				CODE_SIGN_STYLE = Automatic;
				CURRENT_PROJECT_VERSION = 1;
				DEFINES_MODULE = YES;
				DYLIB_COMPATIBILITY_VERSION = 1;
				DYLIB_CURRENT_VERSION = 1;
				DYLIB_INSTALL_NAME_BASE = "@rpath";
				GCC_WARN_UNUSED_FUNCTION = NO;
				GENERATE_INFOPLIST_FILE = YES;
				HEADER_SEARCH_PATHS = "$(inherited)";
				INFOPLIST_KEY_NSHumanReadableCopyright = "";
				INSTALL_PATH = "$(LOCAL_LIBRARY_DIR)/Frameworks";
				LD_RUNPATH_SEARCH_PATHS = (
					"$(inherited)",
					"@executable_path/Frameworks",
					"@loader_path/Frameworks",
				);
				LIBRARY_SEARCH_PATHS = "$(inherited)";
				MARKETING_VERSION = 1.0;
				MODULEMAP_FILE = WalletLibCrypto/WalletLibCrypto.modulemap;
				PRODUCT_BUNDLE_IDENTIFIER = "com.wallet-lib-crypto.WalletLibCrypto";
				PRODUCT_NAME = "$(TARGET_NAME:c99extidentifier)";
				SKIP_INSTALL = YES;
				SWIFT_EMIT_LOC_STRINGS = YES;
				SWIFT_VERSION = 5.0;
				TARGETED_DEVICE_FAMILY = "1,2";
			};
			name = Release;
		};
		75A13155296C4AAA00DCBD5A /* Debug */ = {
			isa = XCBuildConfiguration;
			buildSettings = {
				ALWAYS_EMBED_SWIFT_STANDARD_LIBRARIES = YES;
				CODE_SIGN_STYLE = Automatic;
				CURRENT_PROJECT_VERSION = 1;
				GENERATE_INFOPLIST_FILE = YES;
				MARKETING_VERSION = 1.0;
				PRODUCT_BUNDLE_IDENTIFIER = "com.wallet-lib-crypto.WalletLibCryptoTests";
				PRODUCT_NAME = "$(TARGET_NAME)";
				SWIFT_EMIT_LOC_STRINGS = NO;
				SWIFT_VERSION = 5.0;
				TARGETED_DEVICE_FAMILY = "1,2";
			};
			name = Debug;
		};
		75A13156296C4AAA00DCBD5A /* Release */ = {
			isa = XCBuildConfiguration;
			buildSettings = {
				ALWAYS_EMBED_SWIFT_STANDARD_LIBRARIES = YES;
				CODE_SIGN_STYLE = Automatic;
				CURRENT_PROJECT_VERSION = 1;
				GENERATE_INFOPLIST_FILE = YES;
				MARKETING_VERSION = 1.0;
				PRODUCT_BUNDLE_IDENTIFIER = "com.wallet-lib-crypto.WalletLibCryptoTests";
				PRODUCT_NAME = "$(TARGET_NAME)";
				SWIFT_EMIT_LOC_STRINGS = NO;
				SWIFT_VERSION = 5.0;
				TARGETED_DEVICE_FAMILY = "1,2";
			};
			name = Release;
		};
/* End XCBuildConfiguration section */

/* Begin XCConfigurationList section */
		75A13137296C4AAA00DCBD5A /* Build configuration list for PBXProject "WalletLibCrypto" */ = {
			isa = XCConfigurationList;
			buildConfigurations = (
				75A1314F296C4AAA00DCBD5A /* Debug */,
				75A13150296C4AAA00DCBD5A /* Release */,
			);
			defaultConfigurationIsVisible = 0;
			defaultConfigurationName = Release;
		};
		75A13151296C4AAA00DCBD5A /* Build configuration list for PBXNativeTarget "WalletLibCrypto" */ = {
			isa = XCConfigurationList;
			buildConfigurations = (
				75A13152296C4AAA00DCBD5A /* Debug */,
				75A13153296C4AAA00DCBD5A /* Release */,
			);
			defaultConfigurationIsVisible = 0;
			defaultConfigurationName = Release;
		};
		75A13154296C4AAA00DCBD5A /* Build configuration list for PBXNativeTarget "WalletLibCryptoTests" */ = {
			isa = XCConfigurationList;
			buildConfigurations = (
				75A13155296C4AAA00DCBD5A /* Debug */,
				75A13156296C4AAA00DCBD5A /* Release */,
			);
			defaultConfigurationIsVisible = 0;
			defaultConfigurationName = Release;
		};
/* End XCConfigurationList section */
	};
	rootObject = 75A13134296C4AAA00DCBD5A /* Project object */;
}
